// !$*UTF8*$!
{
	archiveVersion = 1;
	classes = {
	};
	objectVersion = 56;
	objects = {

/* Begin PBXBuildFile section */
		0918E00F2A1BEA02005B6542 /* MainVC.swift in Sources */ = {isa = PBXBuildFile; fileRef = 0918E00E2A1BEA02005B6542 /* MainVC.swift */; };
		0918E0122A1BEA90005B6542 /* MainTabbarCell.swift in Sources */ = {isa = PBXBuildFile; fileRef = 0918E0112A1BEA90005B6542 /* MainTabbarCell.swift */; };
		0918E0142A1BEF8B005B6542 /* MainItem.swift in Sources */ = {isa = PBXBuildFile; fileRef = 0918E0132A1BEF8A005B6542 /* MainItem.swift */; };
		091B10442A1EDBF600BF19E5 /* MainResponseDTO.swift in Sources */ = {isa = PBXBuildFile; fileRef = 091B10432A1EDBF600BF19E5 /* MainResponseDTO.swift */; };
		091B10462A1EDCFD00BF19E5 /* BaseResponse.swift in Sources */ = {isa = PBXBuildFile; fileRef = 091B10452A1EDCFD00BF19E5 /* BaseResponse.swift */; };
		091B104A2A1EE2B100BF19E5 /* MainOptionCell.swift in Sources */ = {isa = PBXBuildFile; fileRef = 091B10492A1EE2B100BF19E5 /* MainOptionCell.swift */; };
		091B104C2A1EE58000BF19E5 /* OptionItem.swift in Sources */ = {isa = PBXBuildFile; fileRef = 091B104B2A1EE58000BF19E5 /* OptionItem.swift */; };
		093DB0412A17489B00ECA5F6 /* UiCollectionView+.swift in Sources */ = {isa = PBXBuildFile; fileRef = 093DB0402A17489B00ECA5F6 /* UiCollectionView+.swift */; };
		093DB0432A1748B400ECA5F6 /* NSObject+.swift in Sources */ = {isa = PBXBuildFile; fileRef = 093DB0422A1748B400ECA5F6 /* NSObject+.swift */; };
		093DB0452A17497600ECA5F6 /* UIStackView+.swift in Sources */ = {isa = PBXBuildFile; fileRef = 093DB0442A17497600ECA5F6 /* UIStackView+.swift */; };
		093DB0472A1749A300ECA5F6 /* UIView+.swift in Sources */ = {isa = PBXBuildFile; fileRef = 093DB0462A1749A300ECA5F6 /* UIView+.swift */; };
		093DB0492A1749D800ECA5F6 /* UILabel+.swift in Sources */ = {isa = PBXBuildFile; fileRef = 093DB0482A1749D800ECA5F6 /* UILabel+.swift */; };
		093DB0572A17516100ECA5F6 /* AppleSDGothicNeoEB.ttf in Resources */ = {isa = PBXBuildFile; fileRef = 093DB04E2A17516100ECA5F6 /* AppleSDGothicNeoEB.ttf */; };
		093DB0592A17516100ECA5F6 /* AppleSDGothicNeoM.ttf in Resources */ = {isa = PBXBuildFile; fileRef = 093DB0502A17516100ECA5F6 /* AppleSDGothicNeoM.ttf */; };
		093DB05B2A17516100ECA5F6 /* AppleSDGothicNeoR.ttf in Resources */ = {isa = PBXBuildFile; fileRef = 093DB0522A17516100ECA5F6 /* AppleSDGothicNeoR.ttf */; };
		093DB05E2A17516100ECA5F6 /* AppleSDGothicNeoB.ttf in Resources */ = {isa = PBXBuildFile; fileRef = 093DB0552A17516100ECA5F6 /* AppleSDGothicNeoB.ttf */; };
		093DB0602A17546800ECA5F6 /* AppleSDGothicNeoSB.ttf in Resources */ = {isa = PBXBuildFile; fileRef = 093DB05F2A17546800ECA5F6 /* AppleSDGothicNeoSB.ttf */; };
		09665C142A20C724007EB872 /* ImageCacher.swift in Sources */ = {isa = PBXBuildFile; fileRef = 09665C132A20C724007EB872 /* ImageCacher.swift */; };
		09665C162A20D2EF007EB872 /* MainAPI.swift in Sources */ = {isa = PBXBuildFile; fileRef = 09665C152A20D2EF007EB872 /* MainAPI.swift */; };
		09665C182A20D30D007EB872 /* MainService.swift in Sources */ = {isa = PBXBuildFile; fileRef = 09665C172A20D30D007EB872 /* MainService.swift */; };
		096F44002A20EBFD00C87CC0 /* StoreAPI.swift in Sources */ = {isa = PBXBuildFile; fileRef = 096F43FF2A20EBFD00C87CC0 /* StoreAPI.swift */; };
		096F44022A20EDCB00C87CC0 /* StoreService.swift in Sources */ = {isa = PBXBuildFile; fileRef = 096F44012A20EDCB00C87CC0 /* StoreService.swift */; };
		096F44052A21365600C87CC0 /* MenuDetailAPI.swift in Sources */ = {isa = PBXBuildFile; fileRef = 096F44042A21365600C87CC0 /* MenuDetailAPI.swift */; };
		096F44082A21366B00C87CC0 /* MenuDetailResponseDTO.swift in Sources */ = {isa = PBXBuildFile; fileRef = 096F44072A21366B00C87CC0 /* MenuDetailResponseDTO.swift */; };
		096F440B2A21369000C87CC0 /* MenuDetailService.swift in Sources */ = {isa = PBXBuildFile; fileRef = 096F440A2A21369000C87CC0 /* MenuDetailService.swift */; };
		096F440D2A21433A00C87CC0 /* Utils.swift in Sources */ = {isa = PBXBuildFile; fileRef = 096F440C2A21433A00C87CC0 /* Utils.swift */; };
		097BC9BA2A1ED2C400DFBAE2 /* CALayer+.swift in Sources */ = {isa = PBXBuildFile; fileRef = 097BC9B92A1ED2C400DFBAE2 /* CALayer+.swift */; };
		09B06DCE2A175B470062A6F7 /* UIFont+.swift in Sources */ = {isa = PBXBuildFile; fileRef = 09B06DCC2A17570D0062A6F7 /* UIFont+.swift */; };
		09B06DD12A1775150062A6F7 /* CustomNavigaionView.swift in Sources */ = {isa = PBXBuildFile; fileRef = 09B06DD02A1775150062A6F7 /* CustomNavigaionView.swift */; };
		09B06DD32A1776120062A6F7 /* ButtonStackView.swift in Sources */ = {isa = PBXBuildFile; fileRef = 09B06DD22A1776120062A6F7 /* ButtonStackView.swift */; };
		09B06DD52A1894ED0062A6F7 /* Navitype.swift in Sources */ = {isa = PBXBuildFile; fileRef = 09B06DD42A1894ED0062A6F7 /* Navitype.swift */; };
		09B06DD62A1896B20062A6F7 /* UIImage+.swift in Sources */ = {isa = PBXBuildFile; fileRef = F413BD912A1661840084B2F9 /* UIImage+.swift */; };
		09C29F252A1D0AB100BAE541 /* NetworkResult.swift in Sources */ = {isa = PBXBuildFile; fileRef = 09C29F242A1D0AB100BAE541 /* NetworkResult.swift */; };
		09C29F272A1D0AED00BAE541 /* APIContants.swift in Sources */ = {isa = PBXBuildFile; fileRef = 09C29F262A1D0AED00BAE541 /* APIContants.swift */; };
		09C29F2B2A1D0DB500BAE541 /* BaseTargetType.swift in Sources */ = {isa = PBXBuildFile; fileRef = 09C29F2A2A1D0DB500BAE541 /* BaseTargetType.swift */; };
		09C29F2F2A1D110900BAE541 /* NetworkBase.swift in Sources */ = {isa = PBXBuildFile; fileRef = 09C29F2E2A1D110900BAE541 /* NetworkBase.swift */; };
		09C29F312A1D16C000BAE541 /* AlamofireLogger.swift in Sources */ = {isa = PBXBuildFile; fileRef = 09C29F302A1D16C000BAE541 /* AlamofireLogger.swift */; };
		09C29F3B2A1D1E1C00BAE541 /* CartAPI.swift in Sources */ = {isa = PBXBuildFile; fileRef = 09C29F3A2A1D1E1C00BAE541 /* CartAPI.swift */; };
		09C29F422A1D1E8500BAE541 /* StoreResponseDTO.swift in Sources */ = {isa = PBXBuildFile; fileRef = 09C29F412A1D1E8500BAE541 /* StoreResponseDTO.swift */; };
		09C29F4F2A1D1F4A00BAE541 /* FoodService.swift in Sources */ = {isa = PBXBuildFile; fileRef = 09C29F4E2A1D1F4A00BAE541 /* FoodService.swift */; };
		09C29F542A1D488D00BAE541 /* ReviewBottomSheetVC.swift in Sources */ = {isa = PBXBuildFile; fileRef = 09C29F532A1D488D00BAE541 /* ReviewBottomSheetVC.swift */; };
		09C29F592A1DA4A200BAE541 /* ReviewCell.swift in Sources */ = {isa = PBXBuildFile; fileRef = 09C29F582A1DA4A200BAE541 /* ReviewCell.swift */; };
		09C29F5B2A1DABB600BAE541 /* CustomButton.swift in Sources */ = {isa = PBXBuildFile; fileRef = 09C29F5A2A1DABB600BAE541 /* CustomButton.swift */; };
		8D10FA482A13EC2700F40F2A /* Color.xcassets in Resources */ = {isa = PBXBuildFile; fileRef = 8D10FA472A13EC2700F40F2A /* Color.xcassets */; };
		8D10FA4B2A13ED4100F40F2A /* UIColor+.swift in Sources */ = {isa = PBXBuildFile; fileRef = 8D10FA4A2A13ED4100F40F2A /* UIColor+.swift */; };
		8D5530C52A187EF8005BC008 /* UIImage+.swift in Sources */ = {isa = PBXBuildFile; fileRef = F413BD912A1661840084B2F9 /* UIImage+.swift */; };
		8D5530C72A188867005BC008 /* CartTableSectionViewCell.swift in Sources */ = {isa = PBXBuildFile; fileRef = 8D5530C62A188867005BC008 /* CartTableSectionViewCell.swift */; };
		8D5530C92A189B21005BC008 /* PaddingLabel.swift in Sources */ = {isa = PBXBuildFile; fileRef = 8D5530C82A189B21005BC008 /* PaddingLabel.swift */; };
		8D702F2A2A17530600CD7D64 /* CartViewController.swift in Sources */ = {isa = PBXBuildFile; fileRef = 8D702F292A17530600CD7D64 /* CartViewController.swift */; };
		8D702F2C2A1753C300CD7D64 /* CartPriceView.swift in Sources */ = {isa = PBXBuildFile; fileRef = 8D702F2B2A1753C300CD7D64 /* CartPriceView.swift */; };
		8D8BBD812A1B22B50031D370 /* CartTableSectionHeaderView.swift in Sources */ = {isa = PBXBuildFile; fileRef = 8D8BBD802A1B22B50031D370 /* CartTableSectionHeaderView.swift */; };
		8D8BBD832A1B22C70031D370 /* CartTableSectionFooterView.swift in Sources */ = {isa = PBXBuildFile; fileRef = 8D8BBD822A1B22C70031D370 /* CartTableSectionFooterView.swift */; };
		8D96F3682A1C62E5004034F9 /* CartTabView.swift in Sources */ = {isa = PBXBuildFile; fileRef = 8D96F3672A1C62E5004034F9 /* CartTabView.swift */; };
		8D96F36A2A1DFC2C004034F9 /* payButtonView.swift in Sources */ = {isa = PBXBuildFile; fileRef = 8D96F3692A1DFC2C004034F9 /* payButtonView.swift */; };
		8DE8E0652A2091FB00F03A63 /* CartResponseDTO.swift in Sources */ = {isa = PBXBuildFile; fileRef = 8DE8E0642A2091FB00F03A63 /* CartResponseDTO.swift */; };
		8DE8E0672A20923A00F03A63 /* CartService.swift in Sources */ = {isa = PBXBuildFile; fileRef = 8DE8E0662A20923A00F03A63 /* CartService.swift */; };
		F413BD822A162B410084B2F9 /* Skeleton.xcassets in Resources */ = {isa = PBXBuildFile; fileRef = F413BD812A162B410084B2F9 /* Skeleton.xcassets */; };
		F413BD862A162B520084B2F9 /* Button.xcassets in Resources */ = {isa = PBXBuildFile; fileRef = F413BD852A162B520084B2F9 /* Button.xcassets */; };
		F413BD882A162B5C0084B2F9 /* Option.xcassets in Resources */ = {isa = PBXBuildFile; fileRef = F413BD872A162B5C0084B2F9 /* Option.xcassets */; };
		F413BD8A2A16503E0084B2F9 /* Icon.xcassets in Resources */ = {isa = PBXBuildFile; fileRef = F413BD892A16503E0084B2F9 /* Icon.xcassets */; };
		F413BD8C2A1650460084B2F9 /* Tag.xcassets in Resources */ = {isa = PBXBuildFile; fileRef = F413BD8B2A1650460084B2F9 /* Tag.xcassets */; };
		F413BD8E2A16554D0084B2F9 /* TabBar.xcassets in Resources */ = {isa = PBXBuildFile; fileRef = F413BD8D2A16554D0084B2F9 /* TabBar.xcassets */; };
		F4587CF62A0F609E00F56BCD /* AppDelegate.swift in Sources */ = {isa = PBXBuildFile; fileRef = F4587CF52A0F609E00F56BCD /* AppDelegate.swift */; };
		F4587CF82A0F609E00F56BCD /* SceneDelegate.swift in Sources */ = {isa = PBXBuildFile; fileRef = F4587CF72A0F609E00F56BCD /* SceneDelegate.swift */; };
		F4587CFD2A0F609E00F56BCD /* Main.storyboard in Resources */ = {isa = PBXBuildFile; fileRef = F4587CFB2A0F609E00F56BCD /* Main.storyboard */; };
		F4587CFF2A0F60A000F56BCD /* Assets.xcassets in Resources */ = {isa = PBXBuildFile; fileRef = F4587CFE2A0F60A000F56BCD /* Assets.xcassets */; };
		F4587D022A0F60A000F56BCD /* LaunchScreen.storyboard in Resources */ = {isa = PBXBuildFile; fileRef = F4587D002A0F60A000F56BCD /* LaunchScreen.storyboard */; };
		F4587D1F2A12B48900F56BCD /* (null) in Sources */ = {isa = PBXBuildFile; };
		F4587D252A12B4A600F56BCD /* FoodResponseDTO.swift in Sources */ = {isa = PBXBuildFile; fileRef = F4587D242A12B4A600F56BCD /* FoodResponseDTO.swift */; };
		F4587D2D2A12B4CD00F56BCD /* Literals.swift in Sources */ = {isa = PBXBuildFile; fileRef = F4587D2C2A12B4CD00F56BCD /* Literals.swift */; };
		F4587D302A12B89D00F56BCD /* Kingfisher in Frameworks */ = {isa = PBXBuildFile; productRef = F4587D2F2A12B89D00F56BCD /* Kingfisher */; };
		F4587D332A12B8AD00F56BCD /* Alamofire in Frameworks */ = {isa = PBXBuildFile; productRef = F4587D322A12B8AD00F56BCD /* Alamofire */; };
		F4587D362A12B8BC00F56BCD /* SnapKit in Frameworks */ = {isa = PBXBuildFile; productRef = F4587D352A12B8BC00F56BCD /* SnapKit */; };
		F4587D392A12BD1000F56BCD /* .swiftlint.yml in Resources */ = {isa = PBXBuildFile; fileRef = F4587D382A12BD1000F56BCD /* .swiftlint.yml */; };
		F46ACC6A2A251854005E4624 /* RenewalVC.swift in Sources */ = {isa = PBXBuildFile; fileRef = F46ACC692A251854005E4624 /* RenewalVC.swift */; };
		F4ED99192A175AA7006AACA2 /* StoreDetailVC.swift in Sources */ = {isa = PBXBuildFile; fileRef = F4ED99182A175AA7006AACA2 /* StoreDetailVC.swift */; };
		F4FC4DA92A1D56A20001F9A6 /* DeliveryInfoBaseView.swift in Sources */ = {isa = PBXBuildFile; fileRef = F4FC4DA82A1D56A20001F9A6 /* DeliveryInfoBaseView.swift */; };
		F4FC4DAC2A1D58540001F9A6 /* OrderInfoCell.swift in Sources */ = {isa = PBXBuildFile; fileRef = F4FC4DAB2A1D58540001F9A6 /* OrderInfoCell.swift */; };
		F4FC4DAE2A1D58590001F9A6 /* StoreInfoCell.swift in Sources */ = {isa = PBXBuildFile; fileRef = F4FC4DAD2A1D58590001F9A6 /* StoreInfoCell.swift */; };
		F4FC4DB02A1D59130001F9A6 /* DeliveryView.swift in Sources */ = {isa = PBXBuildFile; fileRef = F4FC4DAF2A1D59130001F9A6 /* DeliveryView.swift */; };
		F4FC4DB22A1D59260001F9A6 /* PickUpView.swift in Sources */ = {isa = PBXBuildFile; fileRef = F4FC4DB12A1D59260001F9A6 /* PickUpView.swift */; };
		F4FC4DB42A1D59290001F9A6 /* OrderMethodSelectView.swift in Sources */ = {isa = PBXBuildFile; fileRef = F4FC4DB32A1D59290001F9A6 /* OrderMethodSelectView.swift */; };
		F4FC4DB62A1D592E0001F9A6 /* StoreRateView.swift in Sources */ = {isa = PBXBuildFile; fileRef = F4FC4DB52A1D592E0001F9A6 /* StoreRateView.swift */; };
		F4FC4DB82A1D59300001F9A6 /* StoreInfoView.swift in Sources */ = {isa = PBXBuildFile; fileRef = F4FC4DB72A1D59300001F9A6 /* StoreInfoView.swift */; };
		F4FC4DBA2A1D59330001F9A6 /* ReviewCommentView.swift in Sources */ = {isa = PBXBuildFile; fileRef = F4FC4DB92A1D59330001F9A6 /* ReviewCommentView.swift */; };
		F4FC4DBC2A1D59350001F9A6 /* OptionSelectView.swift in Sources */ = {isa = PBXBuildFile; fileRef = F4FC4DBB2A1D59350001F9A6 /* OptionSelectView.swift */; };
		F4FC4DBE2A1D59380001F9A6 /* StickyHeaderView.swift in Sources */ = {isa = PBXBuildFile; fileRef = F4FC4DBD2A1D59380001F9A6 /* StickyHeaderView.swift */; };
		F4FC4DC42A1E5BDF0001F9A6 /* UITableViewCell+.swift in Sources */ = {isa = PBXBuildFile; fileRef = F4FC4DC32A1E5BDF0001F9A6 /* UITableViewCell+.swift */; };
		F4FC4DC62A1E5FE10001F9A6 /* UITableViewHeaderFooterView+.swift in Sources */ = {isa = PBXBuildFile; fileRef = F4FC4DC52A1E5FE10001F9A6 /* UITableViewHeaderFooterView+.swift */; };
		F4FC4DCA2A1E86C40001F9A6 /* Base.swift in Sources */ = {isa = PBXBuildFile; fileRef = F4FC4DC92A1E86C40001F9A6 /* Base.swift */; };
		F4FC4DD52A1FBBB50001F9A6 /* MainOptionView.swift in Sources */ = {isa = PBXBuildFile; fileRef = 092B7A532A1F9351007C4EF6 /* MainOptionView.swift */; };
		F4FC4DD62A1FBBC20001F9A6 /* MainPageCell.swift in Sources */ = {isa = PBXBuildFile; fileRef = 09C18F742A1E0BC600AA0F2F /* MainPageCell.swift */; };
		F4FC4DD72A1FBBC60001F9A6 /* MainFirstPageCell.swift in Sources */ = {isa = PBXBuildFile; fileRef = 09C18F832A1EC1DE00AA0F2F /* MainFirstPageCell.swift */; };
		F4FC4DD82A1FBBCF0001F9A6 /* MenuDetailView.swift in Sources */ = {isa = PBXBuildFile; fileRef = 09C18F7C2A1E2D3100AA0F2F /* MenuDetailView.swift */; };
		F4FC4DD92A1FBBD20001F9A6 /* MenuCountView.swift in Sources */ = {isa = PBXBuildFile; fileRef = 09C18F802A1E31E900AA0F2F /* MenuCountView.swift */; };
		F4FC4DDA2A1FBBD50001F9A6 /* MenuDetailVC.swift in Sources */ = {isa = PBXBuildFile; fileRef = 09C18F7A2A1E280000AA0F2F /* MenuDetailVC.swift */; };
		F4FC4DDB2A1FBBE80001F9A6 /* SegmentControl.swift in Sources */ = {isa = PBXBuildFile; fileRef = F4FC4DD12A1EA6A20001F9A6 /* SegmentControl.swift */; };
		F4FC4DDD2A1FC5430001F9A6 /* StickyTargetHeader.swift in Sources */ = {isa = PBXBuildFile; fileRef = F4FC4DDC2A1FC5430001F9A6 /* StickyTargetHeader.swift */; };
		F4FC4DE12A1FD3960001F9A6 /* MenuVC.swift in Sources */ = {isa = PBXBuildFile; fileRef = F4FC4DE02A1FD3960001F9A6 /* MenuVC.swift */; };
		F4FC4DE32A1FD3A20001F9A6 /* InfoVC.swift in Sources */ = {isa = PBXBuildFile; fileRef = F4FC4DE22A1FD3A20001F9A6 /* InfoVC.swift */; };
		F4FC4DE52A1FD3AE0001F9A6 /* ReviewVC.swift in Sources */ = {isa = PBXBuildFile; fileRef = F4FC4DE42A1FD3AE0001F9A6 /* ReviewVC.swift */; };
		F4FC4DE72A1FD6F00001F9A6 /* DetailInfoCell.swift in Sources */ = {isa = PBXBuildFile; fileRef = F4FC4DE62A1FD6F00001F9A6 /* DetailInfoCell.swift */; };
		F4FC4DEA2A1FE0930001F9A6 /* MenuView.swift in Sources */ = {isa = PBXBuildFile; fileRef = F4FC4DE92A1FE0930001F9A6 /* MenuView.swift */; };
		F4FC4DEC2A1FE2170001F9A6 /* MenuDescriptionView.swift in Sources */ = {isa = PBXBuildFile; fileRef = F4FC4DEB2A1FE2170001F9A6 /* MenuDescriptionView.swift */; };
		F4FC4DF02A1FEDC90001F9A6 /* MenuDescriptionCell.swift in Sources */ = {isa = PBXBuildFile; fileRef = F4FC4DEF2A1FEDC90001F9A6 /* MenuDescriptionCell.swift */; };
		F4FC4DF22A200B5C0001F9A6 /* MenuBaseView.swift in Sources */ = {isa = PBXBuildFile; fileRef = F4FC4DF12A200B5C0001F9A6 /* MenuBaseView.swift */; };
		F4FC4DF52A2014D00001F9A6 /* MenuInfo.swift in Sources */ = {isa = PBXBuildFile; fileRef = F4FC4DF42A2014D00001F9A6 /* MenuInfo.swift */; };
		F4FC4DF72A208B470001F9A6 /* TableViewHeaders.swift in Sources */ = {isa = PBXBuildFile; fileRef = F4FC4DF62A208B470001F9A6 /* TableViewHeaders.swift */; };
		F4FC4DF92A208BD50001F9A6 /* OrderMethodSelect.swift in Sources */ = {isa = PBXBuildFile; fileRef = F4FC4DF82A208BD50001F9A6 /* OrderMethodSelect.swift */; };
		F4FC4DFB2A208FE50001F9A6 /* OrderInfoView.swift in Sources */ = {isa = PBXBuildFile; fileRef = F4FC4DFA2A208FE50001F9A6 /* OrderInfoView.swift */; };
		F4FC4E002A20A78A0001F9A6 /* ReviewTab.swift in Sources */ = {isa = PBXBuildFile; fileRef = F4FC4DFF2A20A78A0001F9A6 /* ReviewTab.swift */; };
/* End PBXBuildFile section */

/* Begin PBXFileReference section */
		0918E00E2A1BEA02005B6542 /* MainVC.swift */ = {isa = PBXFileReference; lastKnownFileType = sourcecode.swift; path = MainVC.swift; sourceTree = "<group>"; };
		0918E0112A1BEA90005B6542 /* MainTabbarCell.swift */ = {isa = PBXFileReference; lastKnownFileType = sourcecode.swift; path = MainTabbarCell.swift; sourceTree = "<group>"; };
		0918E0132A1BEF8A005B6542 /* MainItem.swift */ = {isa = PBXFileReference; lastKnownFileType = sourcecode.swift; path = MainItem.swift; sourceTree = "<group>"; };
		091B10432A1EDBF600BF19E5 /* MainResponseDTO.swift */ = {isa = PBXFileReference; lastKnownFileType = sourcecode.swift; path = MainResponseDTO.swift; sourceTree = "<group>"; };
		091B10452A1EDCFD00BF19E5 /* BaseResponse.swift */ = {isa = PBXFileReference; lastKnownFileType = sourcecode.swift; path = BaseResponse.swift; sourceTree = "<group>"; };
		091B10472A1EE03700BF19E5 /* MainOptionView.swift */ = {isa = PBXFileReference; lastKnownFileType = sourcecode.swift; path = MainOptionView.swift; sourceTree = "<group>"; };
		091B10492A1EE2B100BF19E5 /* MainOptionCell.swift */ = {isa = PBXFileReference; lastKnownFileType = sourcecode.swift; path = MainOptionCell.swift; sourceTree = "<group>"; };
		091B104B2A1EE58000BF19E5 /* OptionItem.swift */ = {isa = PBXFileReference; lastKnownFileType = sourcecode.swift; path = OptionItem.swift; sourceTree = "<group>"; };
		092B7A532A1F9351007C4EF6 /* MainOptionView.swift */ = {isa = PBXFileReference; lastKnownFileType = sourcecode.swift; path = MainOptionView.swift; sourceTree = "<group>"; };
		093DB0402A17489B00ECA5F6 /* UiCollectionView+.swift */ = {isa = PBXFileReference; lastKnownFileType = sourcecode.swift; path = "UiCollectionView+.swift"; sourceTree = "<group>"; };
		093DB0422A1748B400ECA5F6 /* NSObject+.swift */ = {isa = PBXFileReference; lastKnownFileType = sourcecode.swift; path = "NSObject+.swift"; sourceTree = "<group>"; };
		093DB0442A17497600ECA5F6 /* UIStackView+.swift */ = {isa = PBXFileReference; lastKnownFileType = sourcecode.swift; path = "UIStackView+.swift"; sourceTree = "<group>"; };
		093DB0462A1749A300ECA5F6 /* UIView+.swift */ = {isa = PBXFileReference; lastKnownFileType = sourcecode.swift; path = "UIView+.swift"; sourceTree = "<group>"; };
		093DB0482A1749D800ECA5F6 /* UILabel+.swift */ = {isa = PBXFileReference; lastKnownFileType = sourcecode.swift; path = "UILabel+.swift"; sourceTree = "<group>"; };
		093DB04E2A17516100ECA5F6 /* AppleSDGothicNeoEB.ttf */ = {isa = PBXFileReference; lastKnownFileType = file; path = AppleSDGothicNeoEB.ttf; sourceTree = "<group>"; };
		093DB0502A17516100ECA5F6 /* AppleSDGothicNeoM.ttf */ = {isa = PBXFileReference; lastKnownFileType = file; path = AppleSDGothicNeoM.ttf; sourceTree = "<group>"; };
		093DB0522A17516100ECA5F6 /* AppleSDGothicNeoR.ttf */ = {isa = PBXFileReference; lastKnownFileType = file; path = AppleSDGothicNeoR.ttf; sourceTree = "<group>"; };
		093DB0552A17516100ECA5F6 /* AppleSDGothicNeoB.ttf */ = {isa = PBXFileReference; lastKnownFileType = file; path = AppleSDGothicNeoB.ttf; sourceTree = "<group>"; };
		093DB05F2A17546800ECA5F6 /* AppleSDGothicNeoSB.ttf */ = {isa = PBXFileReference; lastKnownFileType = file; path = AppleSDGothicNeoSB.ttf; sourceTree = "<group>"; };
		09665C132A20C724007EB872 /* ImageCacher.swift */ = {isa = PBXFileReference; lastKnownFileType = sourcecode.swift; path = ImageCacher.swift; sourceTree = "<group>"; };
		09665C152A20D2EF007EB872 /* MainAPI.swift */ = {isa = PBXFileReference; lastKnownFileType = sourcecode.swift; path = MainAPI.swift; sourceTree = "<group>"; };
		09665C172A20D30D007EB872 /* MainService.swift */ = {isa = PBXFileReference; lastKnownFileType = sourcecode.swift; path = MainService.swift; sourceTree = "<group>"; };
		096F43FF2A20EBFD00C87CC0 /* StoreAPI.swift */ = {isa = PBXFileReference; lastKnownFileType = sourcecode.swift; path = StoreAPI.swift; sourceTree = "<group>"; };
		096F44012A20EDCB00C87CC0 /* StoreService.swift */ = {isa = PBXFileReference; lastKnownFileType = sourcecode.swift; path = StoreService.swift; sourceTree = "<group>"; };
		096F44042A21365600C87CC0 /* MenuDetailAPI.swift */ = {isa = PBXFileReference; lastKnownFileType = sourcecode.swift; path = MenuDetailAPI.swift; sourceTree = "<group>"; };
		096F44072A21366B00C87CC0 /* MenuDetailResponseDTO.swift */ = {isa = PBXFileReference; lastKnownFileType = sourcecode.swift; path = MenuDetailResponseDTO.swift; sourceTree = "<group>"; };
		096F440A2A21369000C87CC0 /* MenuDetailService.swift */ = {isa = PBXFileReference; lastKnownFileType = sourcecode.swift; path = MenuDetailService.swift; sourceTree = "<group>"; };
		096F440C2A21433A00C87CC0 /* Utils.swift */ = {isa = PBXFileReference; lastKnownFileType = sourcecode.swift; path = Utils.swift; sourceTree = "<group>"; };
		097BC9B92A1ED2C400DFBAE2 /* CALayer+.swift */ = {isa = PBXFileReference; lastKnownFileType = sourcecode.swift; path = "CALayer+.swift"; sourceTree = "<group>"; };
		09B06DCC2A17570D0062A6F7 /* UIFont+.swift */ = {isa = PBXFileReference; lastKnownFileType = sourcecode.swift; path = "UIFont+.swift"; sourceTree = "<group>"; };
		09B06DD02A1775150062A6F7 /* CustomNavigaionView.swift */ = {isa = PBXFileReference; lastKnownFileType = sourcecode.swift; path = CustomNavigaionView.swift; sourceTree = "<group>"; };
		09B06DD22A1776120062A6F7 /* ButtonStackView.swift */ = {isa = PBXFileReference; lastKnownFileType = sourcecode.swift; path = ButtonStackView.swift; sourceTree = "<group>"; };
		09B06DD42A1894ED0062A6F7 /* Navitype.swift */ = {isa = PBXFileReference; lastKnownFileType = sourcecode.swift; path = Navitype.swift; sourceTree = "<group>"; };
		09C18F742A1E0BC600AA0F2F /* MainPageCell.swift */ = {isa = PBXFileReference; lastKnownFileType = sourcecode.swift; path = MainPageCell.swift; sourceTree = "<group>"; };
		09C18F7A2A1E280000AA0F2F /* MenuDetailVC.swift */ = {isa = PBXFileReference; lastKnownFileType = sourcecode.swift; path = MenuDetailVC.swift; sourceTree = "<group>"; };
		09C18F7C2A1E2D3100AA0F2F /* MenuDetailView.swift */ = {isa = PBXFileReference; lastKnownFileType = sourcecode.swift; path = MenuDetailView.swift; sourceTree = "<group>"; };
		09C18F802A1E31E900AA0F2F /* MenuCountView.swift */ = {isa = PBXFileReference; lastKnownFileType = sourcecode.swift; path = MenuCountView.swift; sourceTree = "<group>"; };
		09C18F832A1EC1DE00AA0F2F /* MainFirstPageCell.swift */ = {isa = PBXFileReference; lastKnownFileType = sourcecode.swift; path = MainFirstPageCell.swift; sourceTree = "<group>"; };
		09C29F242A1D0AB100BAE541 /* NetworkResult.swift */ = {isa = PBXFileReference; lastKnownFileType = sourcecode.swift; path = NetworkResult.swift; sourceTree = "<group>"; };
		09C29F262A1D0AED00BAE541 /* APIContants.swift */ = {isa = PBXFileReference; lastKnownFileType = sourcecode.swift; path = APIContants.swift; sourceTree = "<group>"; };
		09C29F2A2A1D0DB500BAE541 /* BaseTargetType.swift */ = {isa = PBXFileReference; lastKnownFileType = sourcecode.swift; path = BaseTargetType.swift; sourceTree = "<group>"; };
		09C29F2E2A1D110900BAE541 /* NetworkBase.swift */ = {isa = PBXFileReference; lastKnownFileType = sourcecode.swift; path = NetworkBase.swift; sourceTree = "<group>"; };
		09C29F302A1D16C000BAE541 /* AlamofireLogger.swift */ = {isa = PBXFileReference; lastKnownFileType = sourcecode.swift; path = AlamofireLogger.swift; sourceTree = "<group>"; };
		09C29F382A1D1E1700BAE541 /* FoodAPI.swift */ = {isa = PBXFileReference; lastKnownFileType = sourcecode.swift; path = FoodAPI.swift; sourceTree = "<group>"; };
		09C29F3A2A1D1E1C00BAE541 /* CartAPI.swift */ = {isa = PBXFileReference; lastKnownFileType = sourcecode.swift; path = CartAPI.swift; sourceTree = "<group>"; };
		09C29F412A1D1E8500BAE541 /* StoreResponseDTO.swift */ = {isa = PBXFileReference; lastKnownFileType = sourcecode.swift; path = StoreResponseDTO.swift; sourceTree = "<group>"; };
		09C29F4E2A1D1F4A00BAE541 /* FoodService.swift */ = {isa = PBXFileReference; lastKnownFileType = sourcecode.swift; path = FoodService.swift; sourceTree = "<group>"; };
		09C29F532A1D488D00BAE541 /* ReviewBottomSheetVC.swift */ = {isa = PBXFileReference; lastKnownFileType = sourcecode.swift; path = ReviewBottomSheetVC.swift; sourceTree = "<group>"; };
		09C29F582A1DA4A200BAE541 /* ReviewCell.swift */ = {isa = PBXFileReference; lastKnownFileType = sourcecode.swift; path = ReviewCell.swift; sourceTree = "<group>"; };
		09C29F5A2A1DABB600BAE541 /* CustomButton.swift */ = {isa = PBXFileReference; lastKnownFileType = sourcecode.swift; path = CustomButton.swift; sourceTree = "<group>"; };
		8D10FA472A13EC2700F40F2A /* Color.xcassets */ = {isa = PBXFileReference; lastKnownFileType = folder.assetcatalog; path = Color.xcassets; sourceTree = "<group>"; };
		8D10FA4A2A13ED4100F40F2A /* UIColor+.swift */ = {isa = PBXFileReference; lastKnownFileType = sourcecode.swift; path = "UIColor+.swift"; sourceTree = "<group>"; };
		8D5530C62A188867005BC008 /* CartTableSectionViewCell.swift */ = {isa = PBXFileReference; lastKnownFileType = sourcecode.swift; path = CartTableSectionViewCell.swift; sourceTree = "<group>"; };
		8D5530C82A189B21005BC008 /* PaddingLabel.swift */ = {isa = PBXFileReference; lastKnownFileType = sourcecode.swift; path = PaddingLabel.swift; sourceTree = "<group>"; };
		8D702F292A17530600CD7D64 /* CartViewController.swift */ = {isa = PBXFileReference; lastKnownFileType = sourcecode.swift; path = CartViewController.swift; sourceTree = "<group>"; };
		8D702F2B2A1753C300CD7D64 /* CartPriceView.swift */ = {isa = PBXFileReference; lastKnownFileType = sourcecode.swift; path = CartPriceView.swift; sourceTree = "<group>"; };
		8D8BBD802A1B22B50031D370 /* CartTableSectionHeaderView.swift */ = {isa = PBXFileReference; lastKnownFileType = sourcecode.swift; path = CartTableSectionHeaderView.swift; sourceTree = "<group>"; };
		8D8BBD822A1B22C70031D370 /* CartTableSectionFooterView.swift */ = {isa = PBXFileReference; lastKnownFileType = sourcecode.swift; path = CartTableSectionFooterView.swift; sourceTree = "<group>"; };
		8D96F3672A1C62E5004034F9 /* CartTabView.swift */ = {isa = PBXFileReference; lastKnownFileType = sourcecode.swift; path = CartTabView.swift; sourceTree = "<group>"; };
		8D96F3692A1DFC2C004034F9 /* payButtonView.swift */ = {isa = PBXFileReference; lastKnownFileType = sourcecode.swift; path = payButtonView.swift; sourceTree = "<group>"; };
		8DE8E0642A2091FB00F03A63 /* CartResponseDTO.swift */ = {isa = PBXFileReference; lastKnownFileType = sourcecode.swift; path = CartResponseDTO.swift; sourceTree = "<group>"; };
		8DE8E0662A20923A00F03A63 /* CartService.swift */ = {isa = PBXFileReference; lastKnownFileType = sourcecode.swift; path = CartService.swift; sourceTree = "<group>"; };
		F413BD772A13DA0C0084B2F9 /* Info.plist */ = {isa = PBXFileReference; fileEncoding = 4; lastKnownFileType = text.plist.xml; path = Info.plist; sourceTree = "<group>"; };
		F413BD812A162B410084B2F9 /* Skeleton.xcassets */ = {isa = PBXFileReference; lastKnownFileType = folder.assetcatalog; path = Skeleton.xcassets; sourceTree = "<group>"; };
		F413BD852A162B520084B2F9 /* Button.xcassets */ = {isa = PBXFileReference; lastKnownFileType = folder.assetcatalog; path = Button.xcassets; sourceTree = "<group>"; };
		F413BD872A162B5C0084B2F9 /* Option.xcassets */ = {isa = PBXFileReference; lastKnownFileType = folder.assetcatalog; path = Option.xcassets; sourceTree = "<group>"; };
		F413BD892A16503E0084B2F9 /* Icon.xcassets */ = {isa = PBXFileReference; lastKnownFileType = folder.assetcatalog; path = Icon.xcassets; sourceTree = "<group>"; };
		F413BD8B2A1650460084B2F9 /* Tag.xcassets */ = {isa = PBXFileReference; lastKnownFileType = folder.assetcatalog; path = Tag.xcassets; sourceTree = "<group>"; };
		F413BD8D2A16554D0084B2F9 /* TabBar.xcassets */ = {isa = PBXFileReference; lastKnownFileType = folder.assetcatalog; path = TabBar.xcassets; sourceTree = "<group>"; };
		F413BD912A1661840084B2F9 /* UIImage+.swift */ = {isa = PBXFileReference; lastKnownFileType = sourcecode.swift; path = "UIImage+.swift"; sourceTree = "<group>"; };
		F4587CF22A0F609E00F56BCD /* Baemin_iOS.app */ = {isa = PBXFileReference; explicitFileType = wrapper.application; includeInIndex = 0; path = Baemin_iOS.app; sourceTree = BUILT_PRODUCTS_DIR; };
		F4587CF52A0F609E00F56BCD /* AppDelegate.swift */ = {isa = PBXFileReference; lastKnownFileType = sourcecode.swift; path = AppDelegate.swift; sourceTree = "<group>"; };
		F4587CF72A0F609E00F56BCD /* SceneDelegate.swift */ = {isa = PBXFileReference; lastKnownFileType = sourcecode.swift; path = SceneDelegate.swift; sourceTree = "<group>"; };
		F4587CFC2A0F609E00F56BCD /* Base */ = {isa = PBXFileReference; lastKnownFileType = file.storyboard; name = Base; path = Base.lproj/Main.storyboard; sourceTree = "<group>"; };
		F4587CFE2A0F60A000F56BCD /* Assets.xcassets */ = {isa = PBXFileReference; lastKnownFileType = folder.assetcatalog; path = Assets.xcassets; sourceTree = "<group>"; };
		F4587D202A12B49200F56BCD /* TabBar.swift */ = {isa = PBXFileReference; lastKnownFileType = sourcecode.swift; path = TabBar.swift; sourceTree = "<group>"; };
		F4587D242A12B4A600F56BCD /* FoodResponseDTO.swift */ = {isa = PBXFileReference; lastKnownFileType = sourcecode.swift; path = FoodResponseDTO.swift; sourceTree = "<group>"; };
		F4587D2C2A12B4CD00F56BCD /* Literals.swift */ = {isa = PBXFileReference; lastKnownFileType = sourcecode.swift; path = Literals.swift; sourceTree = "<group>"; };
		F4587D382A12BD1000F56BCD /* .swiftlint.yml */ = {isa = PBXFileReference; lastKnownFileType = text.yaml; path = .swiftlint.yml; sourceTree = "<group>"; };
		F46ACC692A251854005E4624 /* RenewalVC.swift */ = {isa = PBXFileReference; lastKnownFileType = sourcecode.swift; path = RenewalVC.swift; sourceTree = "<group>"; };
		F4ED99182A175AA7006AACA2 /* StoreDetailVC.swift */ = {isa = PBXFileReference; lastKnownFileType = sourcecode.swift; path = StoreDetailVC.swift; sourceTree = "<group>"; };
		F4FC4DA82A1D56A20001F9A6 /* DeliveryInfoBaseView.swift */ = {isa = PBXFileReference; lastKnownFileType = sourcecode.swift; path = DeliveryInfoBaseView.swift; sourceTree = "<group>"; };
		F4FC4DAB2A1D58540001F9A6 /* OrderInfoCell.swift */ = {isa = PBXFileReference; fileEncoding = 4; lastKnownFileType = sourcecode.swift; path = OrderInfoCell.swift; sourceTree = "<group>"; };
		F4FC4DAD2A1D58590001F9A6 /* StoreInfoCell.swift */ = {isa = PBXFileReference; fileEncoding = 4; lastKnownFileType = sourcecode.swift; path = StoreInfoCell.swift; sourceTree = "<group>"; };
		F4FC4DAF2A1D59130001F9A6 /* DeliveryView.swift */ = {isa = PBXFileReference; lastKnownFileType = sourcecode.swift; path = DeliveryView.swift; sourceTree = "<group>"; };
		F4FC4DB12A1D59260001F9A6 /* PickUpView.swift */ = {isa = PBXFileReference; lastKnownFileType = sourcecode.swift; path = PickUpView.swift; sourceTree = "<group>"; };
		F4FC4DB32A1D59290001F9A6 /* OrderMethodSelectView.swift */ = {isa = PBXFileReference; lastKnownFileType = sourcecode.swift; path = OrderMethodSelectView.swift; sourceTree = "<group>"; };
		F4FC4DB52A1D592E0001F9A6 /* StoreRateView.swift */ = {isa = PBXFileReference; lastKnownFileType = sourcecode.swift; path = StoreRateView.swift; sourceTree = "<group>"; };
		F4FC4DB72A1D59300001F9A6 /* StoreInfoView.swift */ = {isa = PBXFileReference; lastKnownFileType = sourcecode.swift; path = StoreInfoView.swift; sourceTree = "<group>"; };
		F4FC4DB92A1D59330001F9A6 /* ReviewCommentView.swift */ = {isa = PBXFileReference; lastKnownFileType = sourcecode.swift; path = ReviewCommentView.swift; sourceTree = "<group>"; };
		F4FC4DBB2A1D59350001F9A6 /* OptionSelectView.swift */ = {isa = PBXFileReference; lastKnownFileType = sourcecode.swift; path = OptionSelectView.swift; sourceTree = "<group>"; };
		F4FC4DBD2A1D59380001F9A6 /* StickyHeaderView.swift */ = {isa = PBXFileReference; lastKnownFileType = sourcecode.swift; path = StickyHeaderView.swift; sourceTree = "<group>"; };
		F4FC4DC32A1E5BDF0001F9A6 /* UITableViewCell+.swift */ = {isa = PBXFileReference; lastKnownFileType = sourcecode.swift; path = "UITableViewCell+.swift"; sourceTree = "<group>"; };
		F4FC4DC52A1E5FE10001F9A6 /* UITableViewHeaderFooterView+.swift */ = {isa = PBXFileReference; lastKnownFileType = sourcecode.swift; path = "UITableViewHeaderFooterView+.swift"; sourceTree = "<group>"; };
		F4FC4DC92A1E86C40001F9A6 /* Base.swift */ = {isa = PBXFileReference; lastKnownFileType = sourcecode.swift; path = Base.swift; sourceTree = "<group>"; };
		F4FC4DD12A1EA6A20001F9A6 /* SegmentControl.swift */ = {isa = PBXFileReference; lastKnownFileType = sourcecode.swift; path = SegmentControl.swift; sourceTree = "<group>"; };
		F4FC4DDC2A1FC5430001F9A6 /* StickyTargetHeader.swift */ = {isa = PBXFileReference; lastKnownFileType = sourcecode.swift; path = StickyTargetHeader.swift; sourceTree = "<group>"; };
		F4FC4DE02A1FD3960001F9A6 /* MenuVC.swift */ = {isa = PBXFileReference; lastKnownFileType = sourcecode.swift; path = MenuVC.swift; sourceTree = "<group>"; };
		F4FC4DE22A1FD3A20001F9A6 /* InfoVC.swift */ = {isa = PBXFileReference; lastKnownFileType = sourcecode.swift; path = InfoVC.swift; sourceTree = "<group>"; };
		F4FC4DE42A1FD3AE0001F9A6 /* ReviewVC.swift */ = {isa = PBXFileReference; lastKnownFileType = sourcecode.swift; path = ReviewVC.swift; sourceTree = "<group>"; };
		F4FC4DE62A1FD6F00001F9A6 /* DetailInfoCell.swift */ = {isa = PBXFileReference; lastKnownFileType = sourcecode.swift; path = DetailInfoCell.swift; sourceTree = "<group>"; };
		F4FC4DE92A1FE0930001F9A6 /* MenuView.swift */ = {isa = PBXFileReference; lastKnownFileType = sourcecode.swift; path = MenuView.swift; sourceTree = "<group>"; };
		F4FC4DEB2A1FE2170001F9A6 /* MenuDescriptionView.swift */ = {isa = PBXFileReference; lastKnownFileType = sourcecode.swift; path = MenuDescriptionView.swift; sourceTree = "<group>"; };
		F4FC4DEF2A1FEDC90001F9A6 /* MenuDescriptionCell.swift */ = {isa = PBXFileReference; lastKnownFileType = sourcecode.swift; path = MenuDescriptionCell.swift; sourceTree = "<group>"; };
		F4FC4DF12A200B5C0001F9A6 /* MenuBaseView.swift */ = {isa = PBXFileReference; lastKnownFileType = sourcecode.swift; path = MenuBaseView.swift; sourceTree = "<group>"; };
		F4FC4DF42A2014D00001F9A6 /* MenuInfo.swift */ = {isa = PBXFileReference; lastKnownFileType = sourcecode.swift; path = MenuInfo.swift; sourceTree = "<group>"; };
		F4FC4DF62A208B470001F9A6 /* TableViewHeaders.swift */ = {isa = PBXFileReference; lastKnownFileType = sourcecode.swift; path = TableViewHeaders.swift; sourceTree = "<group>"; };
		F4FC4DF82A208BD50001F9A6 /* OrderMethodSelect.swift */ = {isa = PBXFileReference; lastKnownFileType = sourcecode.swift; path = OrderMethodSelect.swift; sourceTree = "<group>"; };
		F4FC4DFA2A208FE50001F9A6 /* OrderInfoView.swift */ = {isa = PBXFileReference; lastKnownFileType = sourcecode.swift; path = OrderInfoView.swift; sourceTree = "<group>"; };
		F4FC4DFF2A20A78A0001F9A6 /* ReviewTab.swift */ = {isa = PBXFileReference; lastKnownFileType = sourcecode.swift; path = ReviewTab.swift; sourceTree = "<group>"; };
/* End PBXFileReference section */

/* Begin PBXFrameworksBuildPhase section */
		F4587CEF2A0F609E00F56BCD /* Frameworks */ = {
			isa = PBXFrameworksBuildPhase;
			buildActionMask = 2147483647;
			files = (
				F4587D362A12B8BC00F56BCD /* SnapKit in Frameworks */,
				F4587D302A12B89D00F56BCD /* Kingfisher in Frameworks */,
				F4587D332A12B8AD00F56BCD /* Alamofire in Frameworks */,
			);
			runOnlyForDeploymentPostprocessing = 0;
		};
/* End PBXFrameworksBuildPhase section */

/* Begin PBXGroup section */
		0918E00B2A1BE9E2005B6542 /* Main */ = {
			isa = PBXGroup;
			children = (
				092B7A522A1F9341007C4EF6 /* Views */,
				09C18F762A1E1BD900AA0F2F /* Model */,
				0918E0102A1BEA79005B6542 /* Cell */,
				0918E00C2A1BE9ED005B6542 /* VC */,
			);
			path = Main;
			sourceTree = "<group>";
		};
		0918E00C2A1BE9ED005B6542 /* VC */ = {
			isa = PBXGroup;
			children = (
				0918E00E2A1BEA02005B6542 /* MainVC.swift */,
			);
			path = VC;
			sourceTree = "<group>";
		};
		0918E0102A1BEA79005B6542 /* Cell */ = {
			isa = PBXGroup;
			children = (
				09C18F742A1E0BC600AA0F2F /* MainPageCell.swift */,
				09C18F832A1EC1DE00AA0F2F /* MainFirstPageCell.swift */,
				09665C132A20C724007EB872 /* ImageCacher.swift */,
				0918E0112A1BEA90005B6542 /* MainTabbarCell.swift */,
				091B10492A1EE2B100BF19E5 /* MainOptionCell.swift */,
			);
			path = Cell;
			sourceTree = "<group>";
		};
		092B7A522A1F9341007C4EF6 /* Views */ = {
			isa = PBXGroup;
			children = (
				092B7A532A1F9351007C4EF6 /* MainOptionView.swift */,
			);
			path = Views;
			sourceTree = "<group>";
		};
		093DB04C2A17515400ECA5F6 /* Font */ = {
			isa = PBXGroup;
			children = (
				093DB0552A17516100ECA5F6 /* AppleSDGothicNeoB.ttf */,
				093DB04E2A17516100ECA5F6 /* AppleSDGothicNeoEB.ttf */,
				093DB05F2A17546800ECA5F6 /* AppleSDGothicNeoSB.ttf */,
				093DB0502A17516100ECA5F6 /* AppleSDGothicNeoM.ttf */,
				093DB0522A17516100ECA5F6 /* AppleSDGothicNeoR.ttf */,
			);
			path = Font;
			sourceTree = "<group>";
		};
		096F44032A21364800C87CC0 /* MenuDetail */ = {
			isa = PBXGroup;
			children = (
				096F44042A21365600C87CC0 /* MenuDetailAPI.swift */,
			);
			path = MenuDetail;
			sourceTree = "<group>";
		};
		096F44062A21365B00C87CC0 /* MenuDetail */ = {
			isa = PBXGroup;
			children = (
				096F44072A21366B00C87CC0 /* MenuDetailResponseDTO.swift */,
			);
			path = MenuDetail;
			sourceTree = "<group>";
		};
		096F44092A21368700C87CC0 /* MenuDetail */ = {
			isa = PBXGroup;
			children = (
				096F440A2A21369000C87CC0 /* MenuDetailService.swift */,
			);
			path = MenuDetail;
			sourceTree = "<group>";
		};
		09C18F762A1E1BD900AA0F2F /* Model */ = {
			isa = PBXGroup;
			children = (
				091B104B2A1EE58000BF19E5 /* OptionItem.swift */,
				0918E0132A1BEF8A005B6542 /* MainItem.swift */,
			);
			path = Model;
			sourceTree = "<group>";
		};
		09C18F772A1E27E000AA0F2F /* MenuDetail */ = {
			isa = PBXGroup;
			children = (
				09C18F792A1E27F000AA0F2F /* Views */,
				09C18F782A1E27EB00AA0F2F /* VC */,
			);
			path = MenuDetail;
			sourceTree = "<group>";
		};
		09C18F782A1E27EB00AA0F2F /* VC */ = {
			isa = PBXGroup;
			children = (
				09C18F7A2A1E280000AA0F2F /* MenuDetailVC.swift */,
			);
			path = VC;
			sourceTree = "<group>";
		};
		09C18F792A1E27F000AA0F2F /* Views */ = {
			isa = PBXGroup;
			children = (
				09C18F7C2A1E2D3100AA0F2F /* MenuDetailView.swift */,
				09C18F802A1E31E900AA0F2F /* MenuCountView.swift */,
			);
			path = Views;
			sourceTree = "<group>";
		};
		09C18F822A1EB77D00AA0F2F /* Recovered References */ = {
			isa = PBXGroup;
			children = (
				F4587D202A12B49200F56BCD /* TabBar.swift */,
				091B10472A1EE03700BF19E5 /* MainOptionView.swift */,
			);
			name = "Recovered References";
			sourceTree = "<group>";
		};
		09C29F322A1D1C2200BAE541 /* Main */ = {
			isa = PBXGroup;
			children = (
				09665C152A20D2EF007EB872 /* MainAPI.swift */,
			);
			path = Main;
			sourceTree = "<group>";
		};
		09C29F332A1D1DD900BAE541 /* Store */ = {
			isa = PBXGroup;
			children = (
				096F43FF2A20EBFD00C87CC0 /* StoreAPI.swift */,
			);
			path = Store;
			sourceTree = "<group>";
		};
		09C29F342A1D1DE700BAE541 /* Food */ = {
			isa = PBXGroup;
			children = (
				09C29F382A1D1E1700BAE541 /* FoodAPI.swift */,
			);
			path = Food;
			sourceTree = "<group>";
		};
		09C29F352A1D1DF100BAE541 /* Cart */ = {
			isa = PBXGroup;
			children = (
				09C29F3A2A1D1E1C00BAE541 /* CartAPI.swift */,
			);
			path = Cart;
			sourceTree = "<group>";
		};
		09C29F3C2A1D1E3F00BAE541 /* Cart */ = {
			isa = PBXGroup;
			children = (
				8DE8E0642A2091FB00F03A63 /* CartResponseDTO.swift */,
			);
			path = Cart;
			sourceTree = "<group>";
		};
		09C29F3F2A1D1E4C00BAE541 /* Food */ = {
			isa = PBXGroup;
			children = (
				F4587D242A12B4A600F56BCD /* FoodResponseDTO.swift */,
			);
			path = Food;
			sourceTree = "<group>";
		};
		09C29F402A1D1E6F00BAE541 /* Store */ = {
			isa = PBXGroup;
			children = (
				09C29F412A1D1E8500BAE541 /* StoreResponseDTO.swift */,
			);
			path = Store;
			sourceTree = "<group>";
		};
		09C29F432A1D1E9000BAE541 /* Main */ = {
			isa = PBXGroup;
			children = (
				091B10432A1EDBF600BF19E5 /* MainResponseDTO.swift */,
			);
			path = Main;
			sourceTree = "<group>";
		};
		09C29F462A1D1EC500BAE541 /* Cart */ = {
			isa = PBXGroup;
			children = (
				8DE8E0662A20923A00F03A63 /* CartService.swift */,
			);
			path = Cart;
			sourceTree = "<group>";
		};
		09C29F472A1D1ECB00BAE541 /* Food */ = {
			isa = PBXGroup;
			children = (
				09C29F4E2A1D1F4A00BAE541 /* FoodService.swift */,
			);
			path = Food;
			sourceTree = "<group>";
		};
		09C29F482A1D1ECF00BAE541 /* Store */ = {
			isa = PBXGroup;
			children = (
				096F44012A20EDCB00C87CC0 /* StoreService.swift */,
			);
			path = Store;
			sourceTree = "<group>";
		};
		09C29F492A1D1ED300BAE541 /* Main */ = {
			isa = PBXGroup;
			children = (
				09665C172A20D30D007EB872 /* MainService.swift */,
			);
			path = Main;
			sourceTree = "<group>";
		};
		09C29F502A1D485E00BAE541 /* Review */ = {
			isa = PBXGroup;
			children = (
				09C29F572A1DA48800BAE541 /* Cell */,
				09C29F522A1D487700BAE541 /* Views */,
				09C29F512A1D487200BAE541 /* VC */,
			);
			path = Review;
			sourceTree = "<group>";
		};
		09C29F512A1D487200BAE541 /* VC */ = {
			isa = PBXGroup;
			children = (
				09C29F532A1D488D00BAE541 /* ReviewBottomSheetVC.swift */,
			);
			path = VC;
			sourceTree = "<group>";
		};
		09C29F522A1D487700BAE541 /* Views */ = {
			isa = PBXGroup;
			children = (
				09C29F5A2A1DABB600BAE541 /* CustomButton.swift */,
			);
			path = Views;
			sourceTree = "<group>";
		};
		09C29F572A1DA48800BAE541 /* Cell */ = {
			isa = PBXGroup;
			children = (
				09C29F582A1DA4A200BAE541 /* ReviewCell.swift */,
			);
			path = Cell;
			sourceTree = "<group>";
		};
		8D10FA462A13EBFA00F40F2A /* Colors */ = {
			isa = PBXGroup;
			children = (
				8D10FA472A13EC2700F40F2A /* Color.xcassets */,
			);
			path = Colors;
			sourceTree = "<group>";
		};
		8D10FA492A13ED2100F40F2A /* Design */ = {
			isa = PBXGroup;
			children = (
				8D10FA4A2A13ED4100F40F2A /* UIColor+.swift */,
				F413BD912A1661840084B2F9 /* UIImage+.swift */,
				09B06DCC2A17570D0062A6F7 /* UIFont+.swift */,
			);
			path = Design;
			sourceTree = "<group>";
		};
		8DA1B9742A17B86100B1D8C9 /* Cart */ = {
			isa = PBXGroup;
			children = (
				8D702F292A17530600CD7D64 /* CartViewController.swift */,
				8D5530C62A188867005BC008 /* CartTableSectionViewCell.swift */,
				8D702F2B2A1753C300CD7D64 /* CartPriceView.swift */,
				8D8BBD802A1B22B50031D370 /* CartTableSectionHeaderView.swift */,
				8D8BBD822A1B22C70031D370 /* CartTableSectionFooterView.swift */,
				8D96F3672A1C62E5004034F9 /* CartTabView.swift */,
				8D96F3692A1DFC2C004034F9 /* payButtonView.swift */,
			);
			path = Cart;
			sourceTree = "<group>";
		};
		F413BD792A1626D10084B2F9 /* Images */ = {
			isa = PBXGroup;
			children = (
				F413BD812A162B410084B2F9 /* Skeleton.xcassets */,
				F413BD852A162B520084B2F9 /* Button.xcassets */,
				F413BD872A162B5C0084B2F9 /* Option.xcassets */,
				F413BD892A16503E0084B2F9 /* Icon.xcassets */,
				F413BD8B2A1650460084B2F9 /* Tag.xcassets */,
				F413BD8D2A16554D0084B2F9 /* TabBar.xcassets */,
			);
			path = Images;
			sourceTree = "<group>";
		};
		F4587CE92A0F609E00F56BCD = {
			isa = PBXGroup;
			children = (
				F4587D382A12BD1000F56BCD /* .swiftlint.yml */,
				F4587CF42A0F609E00F56BCD /* Baemin_iOS */,
				F4587CF32A0F609E00F56BCD /* Products */,
				09C18F822A1EB77D00AA0F2F /* Recovered References */,
			);
			sourceTree = "<group>";
		};
		F4587CF32A0F609E00F56BCD /* Products */ = {
			isa = PBXGroup;
			children = (
				F4587CF22A0F609E00F56BCD /* Baemin_iOS.app */,
			);
			name = Products;
			sourceTree = "<group>";
		};
		F4587CF42A0F609E00F56BCD /* Baemin_iOS */ = {
			isa = PBXGroup;
			children = (
				F4587D0D2A12B17000F56BCD /* Application */,
				F4587D0B2A12B15900F56BCD /* Global */,
				F4587D0A2A12B14F00F56BCD /* Network */,
				F4587D0E2A12B1A600F56BCD /* Presentation */,
				F4587D092A12B12300F56BCD /* Resources */,
			);
			path = Baemin_iOS;
			sourceTree = "<group>";
		};
		F4587D092A12B12300F56BCD /* Resources */ = {
			isa = PBXGroup;
			children = (
				093DB04C2A17515400ECA5F6 /* Font */,
				F413BD792A1626D10084B2F9 /* Images */,
				8D10FA462A13EBFA00F40F2A /* Colors */,
				F413BD772A13DA0C0084B2F9 /* Info.plist */,
				F4587CFB2A0F609E00F56BCD /* Main.storyboard */,
				F4587CFE2A0F60A000F56BCD /* Assets.xcassets */,
				F4587D002A0F60A000F56BCD /* LaunchScreen.storyboard */,
			);
			path = Resources;
			sourceTree = "<group>";
		};
		F4587D0A2A12B14F00F56BCD /* Network */ = {
			isa = PBXGroup;
			children = (
				F4587D152A12B2AD00F56BCD /* Base */,
				F4587D142A12B2A700F56BCD /* API */,
				F4587D162A12B2B500F56BCD /* DTO */,
				F4587D172A12B2BC00F56BCD /* Service */,
			);
			path = Network;
			sourceTree = "<group>";
		};
		F4587D0B2A12B15900F56BCD /* Global */ = {
			isa = PBXGroup;
			children = (
				F4FC4E012A20ABF60001F9A6 /* Protocol */,
				F4587D0C2A12B16700F56BCD /* Extensions */,
				F4587D122A12B28300F56BCD /* Literals */,
			);
			path = Global;
			sourceTree = "<group>";
		};
		F4587D0C2A12B16700F56BCD /* Extensions */ = {
			isa = PBXGroup;
			children = (
				8D10FA492A13ED2100F40F2A /* Design */,
				F4587D132A12B29A00F56BCD /* UI */,
			);
			path = Extensions;
			sourceTree = "<group>";
		};
		F4587D0D2A12B17000F56BCD /* Application */ = {
			isa = PBXGroup;
			children = (
				F4587CF52A0F609E00F56BCD /* AppDelegate.swift */,
				F4587CF72A0F609E00F56BCD /* SceneDelegate.swift */,
			);
			path = Application;
			sourceTree = "<group>";
		};
		F4587D0E2A12B1A600F56BCD /* Presentation */ = {
			isa = PBXGroup;
			children = (
				8DA1B9742A17B86100B1D8C9 /* Cart */,
				F4587D0F2A12B1FC00F56BCD /* Scene */,
				F4587D102A12B21F00F56BCD /* Common */,
				F4587D112A12B22400F56BCD /* TabBar */,
			);
			path = Presentation;
			sourceTree = "<group>";
		};
		F4587D0F2A12B1FC00F56BCD /* Scene */ = {
			isa = PBXGroup;
			children = (
				0918E00B2A1BE9E2005B6542 /* Main */,
				09C18F772A1E27E000AA0F2F /* MenuDetail */,
				09C29F502A1D485E00BAE541 /* Review */,
				F4FC4E042A20DC330001F9A6 /* StoreDetail */,
			);
			path = Scene;
			sourceTree = "<group>";
		};
		F4587D102A12B21F00F56BCD /* Common */ = {
			isa = PBXGroup;
			children = (
				8D5530C82A189B21005BC008 /* PaddingLabel.swift */,
				09B06DD42A1894ED0062A6F7 /* Navitype.swift */,
				09B06DD02A1775150062A6F7 /* CustomNavigaionView.swift */,
				09B06DD22A1776120062A6F7 /* ButtonStackView.swift */,
				F4FC4DA82A1D56A20001F9A6 /* DeliveryInfoBaseView.swift */,
				096F440C2A21433A00C87CC0 /* Utils.swift */,
				F4FC4DF12A200B5C0001F9A6 /* MenuBaseView.swift */,
			);
			path = Common;
			sourceTree = "<group>";
		};
		F4587D112A12B22400F56BCD /* TabBar */ = {
			isa = PBXGroup;
			children = (
			);
			path = TabBar;
			sourceTree = "<group>";
		};
		F4587D122A12B28300F56BCD /* Literals */ = {
			isa = PBXGroup;
			children = (
				F4587D2C2A12B4CD00F56BCD /* Literals.swift */,
			);
			path = Literals;
			sourceTree = "<group>";
		};
		F4587D132A12B29A00F56BCD /* UI */ = {
			isa = PBXGroup;
			children = (
				097BC9B92A1ED2C400DFBAE2 /* CALayer+.swift */,
				093DB0402A17489B00ECA5F6 /* UiCollectionView+.swift */,
				093DB0462A1749A300ECA5F6 /* UIView+.swift */,
				093DB0442A17497600ECA5F6 /* UIStackView+.swift */,
				093DB0482A1749D800ECA5F6 /* UILabel+.swift */,
				093DB0422A1748B400ECA5F6 /* NSObject+.swift */,
				F4FC4DC32A1E5BDF0001F9A6 /* UITableViewCell+.swift */,
				F4FC4DC52A1E5FE10001F9A6 /* UITableViewHeaderFooterView+.swift */,
			);
			path = UI;
			sourceTree = "<group>";
		};
		F4587D142A12B2A700F56BCD /* API */ = {
			isa = PBXGroup;
			children = (
				096F44032A21364800C87CC0 /* MenuDetail */,
				09C29F352A1D1DF100BAE541 /* Cart */,
				09C29F342A1D1DE700BAE541 /* Food */,
				09C29F332A1D1DD900BAE541 /* Store */,
				09C29F322A1D1C2200BAE541 /* Main */,
			);
			path = API;
			sourceTree = "<group>";
		};
		F4587D152A12B2AD00F56BCD /* Base */ = {
			isa = PBXGroup;
			children = (
				09C29F2E2A1D110900BAE541 /* NetworkBase.swift */,
				091B10452A1EDCFD00BF19E5 /* BaseResponse.swift */,
				09C29F302A1D16C000BAE541 /* AlamofireLogger.swift */,
				09C29F242A1D0AB100BAE541 /* NetworkResult.swift */,
				09C29F262A1D0AED00BAE541 /* APIContants.swift */,
				09C29F2A2A1D0DB500BAE541 /* BaseTargetType.swift */,
				F4FC4DC92A1E86C40001F9A6 /* Base.swift */,
			);
			path = Base;
			sourceTree = "<group>";
		};
		F4587D162A12B2B500F56BCD /* DTO */ = {
			isa = PBXGroup;
			children = (
				096F44062A21365B00C87CC0 /* MenuDetail */,
				09C29F432A1D1E9000BAE541 /* Main */,
				09C29F402A1D1E6F00BAE541 /* Store */,
				09C29F3F2A1D1E4C00BAE541 /* Food */,
				09C29F3C2A1D1E3F00BAE541 /* Cart */,
			);
			path = DTO;
			sourceTree = "<group>";
		};
		F4587D172A12B2BC00F56BCD /* Service */ = {
			isa = PBXGroup;
			children = (
				096F44092A21368700C87CC0 /* MenuDetail */,
				09C29F492A1D1ED300BAE541 /* Main */,
				09C29F482A1D1ECF00BAE541 /* Store */,
				09C29F472A1D1ECB00BAE541 /* Food */,
				09C29F462A1D1EC500BAE541 /* Cart */,
			);
			path = Service;
			sourceTree = "<group>";
		};
		F4587D182A12B2CB00F56BCD /* VC */ = {
			isa = PBXGroup;
			children = (
				F4ED99182A175AA7006AACA2 /* StoreDetailVC.swift */,
				F46ACC692A251854005E4624 /* RenewalVC.swift */,
			);
			path = VC;
			sourceTree = "<group>";
		};
		F4587D192A12B2DB00F56BCD /* Views */ = {
			isa = PBXGroup;
			children = (
				F4FC4DC02A1D5E540001F9A6 /* Section1 */,
				F4FC4DBF2A1D5E2E0001F9A6 /* Section2 */,
				F4FC4DC12A1D5E5D0001F9A6 /* Section3 */,
			);
			path = Views;
			sourceTree = "<group>";
		};
		F4FC4DAA2A1D58360001F9A6 /* Cells */ = {
			isa = PBXGroup;
			children = (
				F4FC4DAD2A1D58590001F9A6 /* StoreInfoCell.swift */,
				F4FC4DAB2A1D58540001F9A6 /* OrderInfoCell.swift */,
				F4FC4DE62A1FD6F00001F9A6 /* DetailInfoCell.swift */,
			);
			path = Cells;
			sourceTree = "<group>";
		};
		F4FC4DBF2A1D5E2E0001F9A6 /* Section2 */ = {
			isa = PBXGroup;
			children = (
				F4FC4DAF2A1D59130001F9A6 /* DeliveryView.swift */,
				F4FC4DB12A1D59260001F9A6 /* PickUpView.swift */,
				F4FC4DB32A1D59290001F9A6 /* OrderMethodSelectView.swift */,
			);
			path = Section2;
			sourceTree = "<group>";
		};
		F4FC4DC02A1D5E540001F9A6 /* Section1 */ = {
			isa = PBXGroup;
			children = (
				F4FC4DB52A1D592E0001F9A6 /* StoreRateView.swift */,
				F4FC4DB72A1D59300001F9A6 /* StoreInfoView.swift */,
				F4FC4DB92A1D59330001F9A6 /* ReviewCommentView.swift */,
				F4FC4DBB2A1D59350001F9A6 /* OptionSelectView.swift */,
			);
			path = Section1;
			sourceTree = "<group>";
		};
		F4FC4DC12A1D5E5D0001F9A6 /* Section3 */ = {
			isa = PBXGroup;
			children = (
				F4FC4DF32A2014BC0001F9A6 /* Model */,
				F4FC4DDE2A1FD34A0001F9A6 /* Header */,
				F4FC4DDF2A1FD35B0001F9A6 /* VC */,
				F4FC4DE82A1FDFDC0001F9A6 /* View */,
				F4FC4DFC2A209E7A0001F9A6 /* Etc */,
			);
			path = Section3;
			sourceTree = "<group>";
		};
		F4FC4DDE2A1FD34A0001F9A6 /* Header */ = {
			isa = PBXGroup;
			children = (
				F4FC4DD12A1EA6A20001F9A6 /* SegmentControl.swift */,
				F4FC4DBD2A1D59380001F9A6 /* StickyHeaderView.swift */,
				F4FC4DDC2A1FC5430001F9A6 /* StickyTargetHeader.swift */,
			);
			path = Header;
			sourceTree = "<group>";
		};
		F4FC4DDF2A1FD35B0001F9A6 /* VC */ = {
			isa = PBXGroup;
			children = (
				F4FC4DE02A1FD3960001F9A6 /* MenuVC.swift */,
				F4FC4DE22A1FD3A20001F9A6 /* InfoVC.swift */,
				F4FC4DE42A1FD3AE0001F9A6 /* ReviewVC.swift */,
			);
			path = VC;
			sourceTree = "<group>";
		};
		F4FC4DE82A1FDFDC0001F9A6 /* View */ = {
			isa = PBXGroup;
			children = (
				F4FC4DE92A1FE0930001F9A6 /* MenuView.swift */,
				F4FC4DEB2A1FE2170001F9A6 /* MenuDescriptionView.swift */,
				F4FC4DFF2A20A78A0001F9A6 /* ReviewTab.swift */,
			);
			path = View;
			sourceTree = "<group>";
		};
		F4FC4DED2A1FED9C0001F9A6 /* Cells */ = {
			isa = PBXGroup;
			children = (
				F4FC4DEF2A1FEDC90001F9A6 /* MenuDescriptionCell.swift */,
			);
			path = Cells;
			sourceTree = "<group>";
		};
		F4FC4DF32A2014BC0001F9A6 /* Model */ = {
			isa = PBXGroup;
			children = (
				F4FC4DF42A2014D00001F9A6 /* MenuInfo.swift */,
			);
			path = Model;
			sourceTree = "<group>";
		};
		F4FC4DFC2A209E7A0001F9A6 /* Etc */ = {
			isa = PBXGroup;
			children = (
				F4FC4DED2A1FED9C0001F9A6 /* Cells */,
				F4FC4DF62A208B470001F9A6 /* TableViewHeaders.swift */,
				F4FC4DF82A208BD50001F9A6 /* OrderMethodSelect.swift */,
				F4FC4DFA2A208FE50001F9A6 /* OrderInfoView.swift */,
			);
			path = Etc;
			sourceTree = "<group>";
		};
		F4FC4E012A20ABF60001F9A6 /* Protocol */ = {
			isa = PBXGroup;
			children = (
			);
			path = Protocol;
			sourceTree = "<group>";
		};
		F4FC4E042A20DC330001F9A6 /* StoreDetail */ = {
			isa = PBXGroup;
			children = (
				F4587D192A12B2DB00F56BCD /* Views */,
				F4587D182A12B2CB00F56BCD /* VC */,
				F4FC4DAA2A1D58360001F9A6 /* Cells */,
			);
			path = StoreDetail;
			sourceTree = "<group>";
		};
/* End PBXGroup section */

/* Begin PBXNativeTarget section */
		F4587CF12A0F609E00F56BCD /* Baemin_iOS */ = {
			isa = PBXNativeTarget;
			buildConfigurationList = F4587D062A0F60A000F56BCD /* Build configuration list for PBXNativeTarget "Baemin_iOS" */;
			buildPhases = (
				093DB02A2A13E16A00ECA5F6 /* SwiftLint Script */,
				F4587CEE2A0F609E00F56BCD /* Sources */,
				F4587CEF2A0F609E00F56BCD /* Frameworks */,
				F4587CF02A0F609E00F56BCD /* Resources */,
			);
			buildRules = (
			);
			dependencies = (
			);
			name = Baemin_iOS;
			packageProductDependencies = (
				F4587D2F2A12B89D00F56BCD /* Kingfisher */,
				F4587D322A12B8AD00F56BCD /* Alamofire */,
				F4587D352A12B8BC00F56BCD /* SnapKit */,
			);
			productName = Baemin_iOS;
			productReference = F4587CF22A0F609E00F56BCD /* Baemin_iOS.app */;
			productType = "com.apple.product-type.application";
		};
/* End PBXNativeTarget section */

/* Begin PBXProject section */
		F4587CEA2A0F609E00F56BCD /* Project object */ = {
			isa = PBXProject;
			attributes = {
				BuildIndependentTargetsInParallel = 1;
				LastSwiftUpdateCheck = 1420;
				LastUpgradeCheck = 1420;
				TargetAttributes = {
					F4587CF12A0F609E00F56BCD = {
						CreatedOnToolsVersion = 14.2;
					};
				};
			};
			buildConfigurationList = F4587CED2A0F609E00F56BCD /* Build configuration list for PBXProject "Baemin_iOS" */;
			compatibilityVersion = "Xcode 14.0";
			developmentRegion = en;
			hasScannedForEncodings = 0;
			knownRegions = (
				en,
				Base,
			);
			mainGroup = F4587CE92A0F609E00F56BCD;
			packageReferences = (
				F4587D2E2A12B89D00F56BCD /* XCRemoteSwiftPackageReference "Kingfisher" */,
				F4587D312A12B8AD00F56BCD /* XCRemoteSwiftPackageReference "Alamofire" */,
				F4587D342A12B8BC00F56BCD /* XCRemoteSwiftPackageReference "SnapKit" */,
			);
			productRefGroup = F4587CF32A0F609E00F56BCD /* Products */;
			projectDirPath = "";
			projectRoot = "";
			targets = (
				F4587CF12A0F609E00F56BCD /* Baemin_iOS */,
			);
		};
/* End PBXProject section */

/* Begin PBXResourcesBuildPhase section */
		F4587CF02A0F609E00F56BCD /* Resources */ = {
			isa = PBXResourcesBuildPhase;
			buildActionMask = 2147483647;
			files = (
				093DB0602A17546800ECA5F6 /* AppleSDGothicNeoSB.ttf in Resources */,
				F413BD822A162B410084B2F9 /* Skeleton.xcassets in Resources */,
				093DB0592A17516100ECA5F6 /* AppleSDGothicNeoM.ttf in Resources */,
				F413BD882A162B5C0084B2F9 /* Option.xcassets in Resources */,
				F413BD8A2A16503E0084B2F9 /* Icon.xcassets in Resources */,
				8D10FA482A13EC2700F40F2A /* Color.xcassets in Resources */,
				F4587D392A12BD1000F56BCD /* .swiftlint.yml in Resources */,
				F4587D022A0F60A000F56BCD /* LaunchScreen.storyboard in Resources */,
				F4587CFF2A0F60A000F56BCD /* Assets.xcassets in Resources */,
				F4587CFD2A0F609E00F56BCD /* Main.storyboard in Resources */,
				F413BD8E2A16554D0084B2F9 /* TabBar.xcassets in Resources */,
				093DB05B2A17516100ECA5F6 /* AppleSDGothicNeoR.ttf in Resources */,
				F413BD8C2A1650460084B2F9 /* Tag.xcassets in Resources */,
				093DB0572A17516100ECA5F6 /* AppleSDGothicNeoEB.ttf in Resources */,
				093DB05E2A17516100ECA5F6 /* AppleSDGothicNeoB.ttf in Resources */,
				F413BD862A162B520084B2F9 /* Button.xcassets in Resources */,
			);
			runOnlyForDeploymentPostprocessing = 0;
		};
/* End PBXResourcesBuildPhase section */

/* Begin PBXShellScriptBuildPhase section */
		093DB02A2A13E16A00ECA5F6 /* SwiftLint Script */ = {
			isa = PBXShellScriptBuildPhase;
			alwaysOutOfDate = 1;
			buildActionMask = 2147483647;
			files = (
			);
			inputFileListPaths = (
			);
			inputPaths = (
			);
			name = "SwiftLint Script";
			outputFileListPaths = (
			);
			outputPaths = (
			);
			runOnlyForDeploymentPostprocessing = 0;
			shellPath = /bin/sh;
			shellScript = "export PATH=\"$PATH:/opt/homebrew/bin\"\nif which swiftlint > /dev/null; then\n  swiftlint\nelse\n  echo \"warning: SwiftLint not installed, download from https://github.com/realm/SwiftLint\"\nfi\n";
		};
/* End PBXShellScriptBuildPhase section */

/* Begin PBXSourcesBuildPhase section */
		F4587CEE2A0F609E00F56BCD /* Sources */ = {
			isa = PBXSourcesBuildPhase;
			buildActionMask = 2147483647;
			files = (
				09C29F312A1D16C000BAE541 /* AlamofireLogger.swift in Sources */,
				093DB0412A17489B00ECA5F6 /* UiCollectionView+.swift in Sources */,
				09B06DD52A1894ED0062A6F7 /* Navitype.swift in Sources */,
				096F44002A20EBFD00C87CC0 /* StoreAPI.swift in Sources */,
				F4ED99192A175AA7006AACA2 /* StoreDetailVC.swift in Sources */,
				F4FC4DE32A1FD3A20001F9A6 /* InfoVC.swift in Sources */,
				F4FC4DA92A1D56A20001F9A6 /* DeliveryInfoBaseView.swift in Sources */,
				0918E0122A1BEA90005B6542 /* MainTabbarCell.swift in Sources */,
				8D96F3682A1C62E5004034F9 /* CartTabView.swift in Sources */,
				09B06DD32A1776120062A6F7 /* ButtonStackView.swift in Sources */,
				F4FC4DAE2A1D58590001F9A6 /* StoreInfoCell.swift in Sources */,
				F4FC4DEA2A1FE0930001F9A6 /* MenuView.swift in Sources */,
				F4FC4DF92A208BD50001F9A6 /* OrderMethodSelect.swift in Sources */,
				F4FC4DB22A1D59260001F9A6 /* PickUpView.swift in Sources */,
				F4FC4DCA2A1E86C40001F9A6 /* Base.swift in Sources */,
				09665C142A20C724007EB872 /* ImageCacher.swift in Sources */,
				093DB0492A1749D800ECA5F6 /* UILabel+.swift in Sources */,
				8D8BBD812A1B22B50031D370 /* CartTableSectionHeaderView.swift in Sources */,
				F4587CF62A0F609E00F56BCD /* AppDelegate.swift in Sources */,
				F4FC4DFB2A208FE50001F9A6 /* OrderInfoView.swift in Sources */,
				F4FC4DE12A1FD3960001F9A6 /* MenuVC.swift in Sources */,
				09C29F592A1DA4A200BAE541 /* ReviewCell.swift in Sources */,
				093DB0472A1749A300ECA5F6 /* UIView+.swift in Sources */,
				F4FC4DB82A1D59300001F9A6 /* StoreInfoView.swift in Sources */,
				F4FC4DEC2A1FE2170001F9A6 /* MenuDescriptionView.swift in Sources */,
				09B06DD12A1775150062A6F7 /* CustomNavigaionView.swift in Sources */,
				0918E0142A1BEF8B005B6542 /* MainItem.swift in Sources */,
				F4FC4DBC2A1D59350001F9A6 /* OptionSelectView.swift in Sources */,
				F4FC4DD72A1FBBC60001F9A6 /* MainFirstPageCell.swift in Sources */,
				F4FC4DBA2A1D59330001F9A6 /* ReviewCommentView.swift in Sources */,
				09665C182A20D30D007EB872 /* MainService.swift in Sources */,
				091B104A2A1EE2B100BF19E5 /* MainOptionCell.swift in Sources */,
				F4587D2D2A12B4CD00F56BCD /* Literals.swift in Sources */,
				096F440B2A21369000C87CC0 /* MenuDetailService.swift in Sources */,
				8D96F36A2A1DFC2C004034F9 /* payButtonView.swift in Sources */,
				09C29F422A1D1E8500BAE541 /* StoreResponseDTO.swift in Sources */,
				09C29F542A1D488D00BAE541 /* ReviewBottomSheetVC.swift in Sources */,
				091B10462A1EDCFD00BF19E5 /* BaseResponse.swift in Sources */,
				F4FC4DBE2A1D59380001F9A6 /* StickyHeaderView.swift in Sources */,
				F4FC4DE52A1FD3AE0001F9A6 /* ReviewVC.swift in Sources */,
				8D5530C92A189B21005BC008 /* PaddingLabel.swift in Sources */,
				09C29F2B2A1D0DB500BAE541 /* BaseTargetType.swift in Sources */,
				F4587D1F2A12B48900F56BCD /* (null) in Sources */,
				093DB0432A1748B400ECA5F6 /* NSObject+.swift in Sources */,
				09B06DCE2A175B470062A6F7 /* UIFont+.swift in Sources */,
				09B06DD62A1896B20062A6F7 /* UIImage+.swift in Sources */,
				8D8BBD832A1B22C70031D370 /* CartTableSectionFooterView.swift in Sources */,
				8DE8E0652A2091FB00F03A63 /* CartResponseDTO.swift in Sources */,
				F4FC4DD62A1FBBC20001F9A6 /* MainPageCell.swift in Sources */,
				8D702F2C2A1753C300CD7D64 /* CartPriceView.swift in Sources */,
				F4FC4DDA2A1FBBD50001F9A6 /* MenuDetailVC.swift in Sources */,
				F4587CF82A0F609E00F56BCD /* SceneDelegate.swift in Sources */,
				F4FC4DF52A2014D00001F9A6 /* MenuInfo.swift in Sources */,
				8D5530C72A188867005BC008 /* CartTableSectionViewCell.swift in Sources */,
				096F44022A20EDCB00C87CC0 /* StoreService.swift in Sources */,
				096F440D2A21433A00C87CC0 /* Utils.swift in Sources */,
				091B104C2A1EE58000BF19E5 /* OptionItem.swift in Sources */,
				8D5530C72A188867005BC008 /* CartTableSectionViewCell.swift in Sources */,
				09C29F252A1D0AB100BAE541 /* NetworkResult.swift in Sources */,
				F4FC4DDB2A1FBBE80001F9A6 /* SegmentControl.swift in Sources */,
				09665C162A20D2EF007EB872 /* MainAPI.swift in Sources */,
				F4FC4DB42A1D59290001F9A6 /* OrderMethodSelectView.swift in Sources */,
				F4FC4DD92A1FBBD20001F9A6 /* MenuCountView.swift in Sources */,
				F4FC4DF72A208B470001F9A6 /* TableViewHeaders.swift in Sources */,
				F4FC4DAC2A1D58540001F9A6 /* OrderInfoCell.swift in Sources */,
				09C29F252A1D0AB100BAE541 /* NetworkResult.swift in Sources */,
				096F44052A21365600C87CC0 /* MenuDetailAPI.swift in Sources */,
				097BC9BA2A1ED2C400DFBAE2 /* CALayer+.swift in Sources */,
				8D10FA4B2A13ED4100F40F2A /* UIColor+.swift in Sources */,
				09C29F3B2A1D1E1C00BAE541 /* CartAPI.swift in Sources */,
				096F44082A21366B00C87CC0 /* MenuDetailResponseDTO.swift in Sources */,
				F4FC4E002A20A78A0001F9A6 /* ReviewTab.swift in Sources */,
				09C29F5B2A1DABB600BAE541 /* CustomButton.swift in Sources */,
				09C29F4F2A1D1F4A00BAE541 /* FoodService.swift in Sources */,
				8D702F2A2A17530600CD7D64 /* CartViewController.swift in Sources */,
				09C29F2F2A1D110900BAE541 /* NetworkBase.swift in Sources */,
				F4FC4DD82A1FBBCF0001F9A6 /* MenuDetailView.swift in Sources */,
				8D5530C52A187EF8005BC008 /* UIImage+.swift in Sources */,
				F4FC4DDD2A1FC5430001F9A6 /* StickyTargetHeader.swift in Sources */,
				093DB0452A17497600ECA5F6 /* UIStackView+.swift in Sources */,
				8DE8E0672A20923A00F03A63 /* CartService.swift in Sources */,
				F46ACC6A2A251854005E4624 /* RenewalVC.swift in Sources */,
				0918E00F2A1BEA02005B6542 /* MainVC.swift in Sources */,
				09C29F272A1D0AED00BAE541 /* APIContants.swift in Sources */,
				F4FC4DB02A1D59130001F9A6 /* DeliveryView.swift in Sources */,
				F4587D252A12B4A600F56BCD /* FoodResponseDTO.swift in Sources */,
				09C29F2F2A1D110900BAE541 /* NetworkBase.swift in Sources */,
				091B10442A1EDBF600BF19E5 /* MainResponseDTO.swift in Sources */,
				F4FC4DF22A200B5C0001F9A6 /* MenuBaseView.swift in Sources */,
				F4FC4DC42A1E5BDF0001F9A6 /* UITableViewCell+.swift in Sources */,
				F4FC4DB62A1D592E0001F9A6 /* StoreRateView.swift in Sources */,
				09C29F272A1D0AED00BAE541 /* APIContants.swift in Sources */,
				F4FC4DC62A1E5FE10001F9A6 /* UITableViewHeaderFooterView+.swift in Sources */,
				F4FC4DE72A1FD6F00001F9A6 /* DetailInfoCell.swift in Sources */,
				F4FC4DD52A1FBBB50001F9A6 /* MainOptionView.swift in Sources */,
				F4FC4DF02A1FEDC90001F9A6 /* MenuDescriptionCell.swift in Sources */,
			);
			runOnlyForDeploymentPostprocessing = 0;
		};
/* End PBXSourcesBuildPhase section */

/* Begin PBXVariantGroup section */
		F4587CFB2A0F609E00F56BCD /* Main.storyboard */ = {
			isa = PBXVariantGroup;
			children = (
				F4587CFC2A0F609E00F56BCD /* Base */,
			);
			name = Main.storyboard;
			sourceTree = "<group>";
		};
		F4587D002A0F60A000F56BCD /* LaunchScreen.storyboard */ = {
			isa = PBXVariantGroup;
			children = (
			);
			name = LaunchScreen.storyboard;
			sourceTree = "<group>";
		};
/* End PBXVariantGroup section */

/* Begin XCBuildConfiguration section */
		F4587D042A0F60A000F56BCD /* Debug */ = {
			isa = XCBuildConfiguration;
			buildSettings = {
				ALWAYS_SEARCH_USER_PATHS = NO;
				CLANG_ANALYZER_NONNULL = YES;
				CLANG_ANALYZER_NUMBER_OBJECT_CONVERSION = YES_AGGRESSIVE;
				CLANG_CXX_LANGUAGE_STANDARD = "gnu++20";
				CLANG_ENABLE_MODULES = YES;
				CLANG_ENABLE_OBJC_ARC = YES;
				CLANG_ENABLE_OBJC_WEAK = YES;
				CLANG_WARN_BLOCK_CAPTURE_AUTORELEASING = YES;
				CLANG_WARN_BOOL_CONVERSION = YES;
				CLANG_WARN_COMMA = YES;
				CLANG_WARN_CONSTANT_CONVERSION = YES;
				CLANG_WARN_DEPRECATED_OBJC_IMPLEMENTATIONS = YES;
				CLANG_WARN_DIRECT_OBJC_ISA_USAGE = YES_ERROR;
				CLANG_WARN_DOCUMENTATION_COMMENTS = YES;
				CLANG_WARN_EMPTY_BODY = YES;
				CLANG_WARN_ENUM_CONVERSION = YES;
				CLANG_WARN_INFINITE_RECURSION = YES;
				CLANG_WARN_INT_CONVERSION = YES;
				CLANG_WARN_NON_LITERAL_NULL_CONVERSION = YES;
				CLANG_WARN_OBJC_IMPLICIT_RETAIN_SELF = YES;
				CLANG_WARN_OBJC_LITERAL_CONVERSION = YES;
				CLANG_WARN_OBJC_ROOT_CLASS = YES_ERROR;
				CLANG_WARN_QUOTED_INCLUDE_IN_FRAMEWORK_HEADER = YES;
				CLANG_WARN_RANGE_LOOP_ANALYSIS = YES;
				CLANG_WARN_STRICT_PROTOTYPES = YES;
				CLANG_WARN_SUSPICIOUS_MOVE = YES;
				CLANG_WARN_UNGUARDED_AVAILABILITY = YES_AGGRESSIVE;
				CLANG_WARN_UNREACHABLE_CODE = YES;
				CLANG_WARN__DUPLICATE_METHOD_MATCH = YES;
				COPY_PHASE_STRIP = NO;
				DEBUG_INFORMATION_FORMAT = dwarf;
				ENABLE_STRICT_OBJC_MSGSEND = YES;
				ENABLE_TESTABILITY = YES;
				GCC_C_LANGUAGE_STANDARD = gnu11;
				GCC_DYNAMIC_NO_PIC = NO;
				GCC_NO_COMMON_BLOCKS = YES;
				GCC_OPTIMIZATION_LEVEL = 0;
				GCC_PREPROCESSOR_DEFINITIONS = (
					"DEBUG=1",
					"$(inherited)",
				);
				GCC_WARN_64_TO_32_BIT_CONVERSION = YES;
				GCC_WARN_ABOUT_RETURN_TYPE = YES_ERROR;
				GCC_WARN_UNDECLARED_SELECTOR = YES;
				GCC_WARN_UNINITIALIZED_AUTOS = YES_AGGRESSIVE;
				GCC_WARN_UNUSED_FUNCTION = YES;
				GCC_WARN_UNUSED_VARIABLE = YES;
				IPHONEOS_DEPLOYMENT_TARGET = 16.2;
				MTL_ENABLE_DEBUG_INFO = INCLUDE_SOURCE;
				MTL_FAST_MATH = YES;
				ONLY_ACTIVE_ARCH = YES;
				SDKROOT = iphoneos;
				SWIFT_ACTIVE_COMPILATION_CONDITIONS = DEBUG;
				SWIFT_OPTIMIZATION_LEVEL = "-Onone";
			};
			name = Debug;
		};
		F4587D052A0F60A000F56BCD /* Release */ = {
			isa = XCBuildConfiguration;
			buildSettings = {
				ALWAYS_SEARCH_USER_PATHS = NO;
				CLANG_ANALYZER_NONNULL = YES;
				CLANG_ANALYZER_NUMBER_OBJECT_CONVERSION = YES_AGGRESSIVE;
				CLANG_CXX_LANGUAGE_STANDARD = "gnu++20";
				CLANG_ENABLE_MODULES = YES;
				CLANG_ENABLE_OBJC_ARC = YES;
				CLANG_ENABLE_OBJC_WEAK = YES;
				CLANG_WARN_BLOCK_CAPTURE_AUTORELEASING = YES;
				CLANG_WARN_BOOL_CONVERSION = YES;
				CLANG_WARN_COMMA = YES;
				CLANG_WARN_CONSTANT_CONVERSION = YES;
				CLANG_WARN_DEPRECATED_OBJC_IMPLEMENTATIONS = YES;
				CLANG_WARN_DIRECT_OBJC_ISA_USAGE = YES_ERROR;
				CLANG_WARN_DOCUMENTATION_COMMENTS = YES;
				CLANG_WARN_EMPTY_BODY = YES;
				CLANG_WARN_ENUM_CONVERSION = YES;
				CLANG_WARN_INFINITE_RECURSION = YES;
				CLANG_WARN_INT_CONVERSION = YES;
				CLANG_WARN_NON_LITERAL_NULL_CONVERSION = YES;
				CLANG_WARN_OBJC_IMPLICIT_RETAIN_SELF = YES;
				CLANG_WARN_OBJC_LITERAL_CONVERSION = YES;
				CLANG_WARN_OBJC_ROOT_CLASS = YES_ERROR;
				CLANG_WARN_QUOTED_INCLUDE_IN_FRAMEWORK_HEADER = YES;
				CLANG_WARN_RANGE_LOOP_ANALYSIS = YES;
				CLANG_WARN_STRICT_PROTOTYPES = YES;
				CLANG_WARN_SUSPICIOUS_MOVE = YES;
				CLANG_WARN_UNGUARDED_AVAILABILITY = YES_AGGRESSIVE;
				CLANG_WARN_UNREACHABLE_CODE = YES;
				CLANG_WARN__DUPLICATE_METHOD_MATCH = YES;
				COPY_PHASE_STRIP = NO;
				DEBUG_INFORMATION_FORMAT = "dwarf-with-dsym";
				ENABLE_NS_ASSERTIONS = NO;
				ENABLE_STRICT_OBJC_MSGSEND = YES;
				GCC_C_LANGUAGE_STANDARD = gnu11;
				GCC_NO_COMMON_BLOCKS = YES;
				GCC_WARN_64_TO_32_BIT_CONVERSION = YES;
				GCC_WARN_ABOUT_RETURN_TYPE = YES_ERROR;
				GCC_WARN_UNDECLARED_SELECTOR = YES;
				GCC_WARN_UNINITIALIZED_AUTOS = YES_AGGRESSIVE;
				GCC_WARN_UNUSED_FUNCTION = YES;
				GCC_WARN_UNUSED_VARIABLE = YES;
				IPHONEOS_DEPLOYMENT_TARGET = 16.2;
				MTL_ENABLE_DEBUG_INFO = NO;
				MTL_FAST_MATH = YES;
				SDKROOT = iphoneos;
				SWIFT_COMPILATION_MODE = wholemodule;
				SWIFT_OPTIMIZATION_LEVEL = "-O";
				VALIDATE_PRODUCT = YES;
			};
			name = Release;
		};
		F4587D072A0F60A000F56BCD /* Debug */ = {
			isa = XCBuildConfiguration;
			buildSettings = {
				ASSETCATALOG_COMPILER_APPICON_NAME = AppIcon;
				ASSETCATALOG_COMPILER_GLOBAL_ACCENT_COLOR_NAME = AccentColor;
				BASE_URL = "http://3.35.182.183:8080";
				CODE_SIGN_STYLE = Automatic;
				CURRENT_PROJECT_VERSION = 1;
				DEVELOPMENT_TEAM = ZLLGCJ8XUL;
				GENERATE_INFOPLIST_FILE = YES;
				INFOPLIST_FILE = Baemin_iOS/Resources/Info.plist;
				INFOPLIST_KEY_UIApplicationSupportsIndirectInputEvents = YES;
				INFOPLIST_KEY_UILaunchStoryboardName = LaunchScreen;
				INFOPLIST_KEY_UISupportedInterfaceOrientations_iPad = "UIInterfaceOrientationPortrait UIInterfaceOrientationPortraitUpsideDown UIInterfaceOrientationLandscapeLeft UIInterfaceOrientationLandscapeRight";
				INFOPLIST_KEY_UISupportedInterfaceOrientations_iPhone = "UIInterfaceOrientationPortrait UIInterfaceOrientationLandscapeLeft UIInterfaceOrientationLandscapeRight";
				LD_RUNPATH_SEARCH_PATHS = (
					"$(inherited)",
					"@executable_path/Frameworks",
				);
				MARKETING_VERSION = 1.0;
				PRODUCT_BUNDLE_IDENTIFIER = "sopt.seminar.Baemin-iOS";
				PRODUCT_NAME = "$(TARGET_NAME)";
				SWIFT_EMIT_LOC_STRINGS = YES;
				SWIFT_VERSION = 5.0;
				TARGETED_DEVICE_FAMILY = "1,2";
			};
			name = Debug;
		};
		F4587D082A0F60A000F56BCD /* Release */ = {
			isa = XCBuildConfiguration;
			buildSettings = {
				ASSETCATALOG_COMPILER_APPICON_NAME = AppIcon;
				ASSETCATALOG_COMPILER_GLOBAL_ACCENT_COLOR_NAME = AccentColor;
				BASE_URL = "http://3.35.182.183:8080";
				CODE_SIGN_STYLE = Automatic;
				CURRENT_PROJECT_VERSION = 1;
				DEVELOPMENT_TEAM = ZLLGCJ8XUL;
				GENERATE_INFOPLIST_FILE = YES;
				INFOPLIST_FILE = Baemin_iOS/Resources/Info.plist;
				INFOPLIST_KEY_UIApplicationSupportsIndirectInputEvents = YES;
				INFOPLIST_KEY_UILaunchStoryboardName = LaunchScreen;
				INFOPLIST_KEY_UISupportedInterfaceOrientations_iPad = "UIInterfaceOrientationPortrait UIInterfaceOrientationPortraitUpsideDown UIInterfaceOrientationLandscapeLeft UIInterfaceOrientationLandscapeRight";
				INFOPLIST_KEY_UISupportedInterfaceOrientations_iPhone = "UIInterfaceOrientationPortrait UIInterfaceOrientationLandscapeLeft UIInterfaceOrientationLandscapeRight";
				LD_RUNPATH_SEARCH_PATHS = (
					"$(inherited)",
					"@executable_path/Frameworks",
				);
				MARKETING_VERSION = 1.0;
				PRODUCT_BUNDLE_IDENTIFIER = "sopt.seminar.Baemin-iOS";
				PRODUCT_NAME = "$(TARGET_NAME)";
				SWIFT_EMIT_LOC_STRINGS = YES;
				SWIFT_VERSION = 5.0;
				TARGETED_DEVICE_FAMILY = "1,2";
			};
			name = Release;
		};
/* End XCBuildConfiguration section */

/* Begin XCConfigurationList section */
		F4587CED2A0F609E00F56BCD /* Build configuration list for PBXProject "Baemin_iOS" */ = {
			isa = XCConfigurationList;
			buildConfigurations = (
				F4587D042A0F60A000F56BCD /* Debug */,
				F4587D052A0F60A000F56BCD /* Release */,
			);
			defaultConfigurationIsVisible = 0;
			defaultConfigurationName = Release;
		};
		F4587D062A0F60A000F56BCD /* Build configuration list for PBXNativeTarget "Baemin_iOS" */ = {
			isa = XCConfigurationList;
			buildConfigurations = (
				F4587D072A0F60A000F56BCD /* Debug */,
				F4587D082A0F60A000F56BCD /* Release */,
			);
			defaultConfigurationIsVisible = 0;
			defaultConfigurationName = Release;
		};
/* End XCConfigurationList section */

/* Begin XCRemoteSwiftPackageReference section */
		F4587D2E2A12B89D00F56BCD /* XCRemoteSwiftPackageReference "Kingfisher" */ = {
			isa = XCRemoteSwiftPackageReference;
			repositoryURL = "https://github.com/onevcat/Kingfisher.git";
			requirement = {
				kind = upToNextMajorVersion;
				minimumVersion = 7.0.0;
			};
		};
		F4587D312A12B8AD00F56BCD /* XCRemoteSwiftPackageReference "Alamofire" */ = {
			isa = XCRemoteSwiftPackageReference;
			repositoryURL = "https://github.com/Alamofire/Alamofire";
			requirement = {
				kind = upToNextMajorVersion;
				minimumVersion = 5.0.0;
			};
		};
		F4587D342A12B8BC00F56BCD /* XCRemoteSwiftPackageReference "SnapKit" */ = {
			isa = XCRemoteSwiftPackageReference;
			repositoryURL = "https://github.com/SnapKit/SnapKit";
			requirement = {
				kind = upToNextMajorVersion;
				minimumVersion = 5.0.0;
			};
		};
/* End XCRemoteSwiftPackageReference section */

/* Begin XCSwiftPackageProductDependency section */
		F4587D2F2A12B89D00F56BCD /* Kingfisher */ = {
			isa = XCSwiftPackageProductDependency;
			package = F4587D2E2A12B89D00F56BCD /* XCRemoteSwiftPackageReference "Kingfisher" */;
			productName = Kingfisher;
		};
		F4587D322A12B8AD00F56BCD /* Alamofire */ = {
			isa = XCSwiftPackageProductDependency;
			package = F4587D312A12B8AD00F56BCD /* XCRemoteSwiftPackageReference "Alamofire" */;
			productName = Alamofire;
		};
		F4587D352A12B8BC00F56BCD /* SnapKit */ = {
			isa = XCSwiftPackageProductDependency;
			package = F4587D342A12B8BC00F56BCD /* XCRemoteSwiftPackageReference "SnapKit" */;
			productName = SnapKit;
		};
/* End XCSwiftPackageProductDependency section */
	};
	rootObject = F4587CEA2A0F609E00F56BCD /* Project object */;
}
