// !$*UTF8*$!
{
	archiveVersion = 1;
	classes = {
	};
	objectVersion = 56;
	objects = {

/* Begin PBXBuildFile section */
		093DB0412A17489B00ECA5F6 /* UiCollectionView+.swift in Sources */ = {isa = PBXBuildFile; fileRef = 093DB0402A17489B00ECA5F6 /* UiCollectionView+.swift */; };
		093DB0432A1748B400ECA5F6 /* NSObject+.swift in Sources */ = {isa = PBXBuildFile; fileRef = 093DB0422A1748B400ECA5F6 /* NSObject+.swift */; };
		093DB0452A17497600ECA5F6 /* UIStackView+.swift in Sources */ = {isa = PBXBuildFile; fileRef = 093DB0442A17497600ECA5F6 /* UIStackView+.swift */; };
		093DB0472A1749A300ECA5F6 /* UIView+.swift in Sources */ = {isa = PBXBuildFile; fileRef = 093DB0462A1749A300ECA5F6 /* UIView+.swift */; };
		093DB0492A1749D800ECA5F6 /* UILabel+.swift in Sources */ = {isa = PBXBuildFile; fileRef = 093DB0482A1749D800ECA5F6 /* UILabel+.swift */; };
		8D10FA482A13EC2700F40F2A /* Color.xcassets in Resources */ = {isa = PBXBuildFile; fileRef = 8D10FA472A13EC2700F40F2A /* Color.xcassets */; };
		8D10FA4B2A13ED4100F40F2A /* UIColor+.swift in Sources */ = {isa = PBXBuildFile; fileRef = 8D10FA4A2A13ED4100F40F2A /* UIColor+.swift */; };
		F413BD822A162B410084B2F9 /* Skeleton.xcassets in Resources */ = {isa = PBXBuildFile; fileRef = F413BD812A162B410084B2F9 /* Skeleton.xcassets */; };
		F413BD862A162B520084B2F9 /* Button.xcassets in Resources */ = {isa = PBXBuildFile; fileRef = F413BD852A162B520084B2F9 /* Button.xcassets */; };
		F413BD882A162B5C0084B2F9 /* Option.xcassets in Resources */ = {isa = PBXBuildFile; fileRef = F413BD872A162B5C0084B2F9 /* Option.xcassets */; };
		F413BD8A2A16503E0084B2F9 /* Icon.xcassets in Resources */ = {isa = PBXBuildFile; fileRef = F413BD892A16503E0084B2F9 /* Icon.xcassets */; };
		F413BD8C2A1650460084B2F9 /* Tag.xcassets in Resources */ = {isa = PBXBuildFile; fileRef = F413BD8B2A1650460084B2F9 /* Tag.xcassets */; };
		F413BD8E2A16554D0084B2F9 /* TabBar.xcassets in Resources */ = {isa = PBXBuildFile; fileRef = F413BD8D2A16554D0084B2F9 /* TabBar.xcassets */; };
		F413BD922A1661840084B2F9 /* UIImage+.swift in Sources */ = {isa = PBXBuildFile; fileRef = F413BD912A1661840084B2F9 /* UIImage+.swift */; };
		F4587CF62A0F609E00F56BCD /* AppDelegate.swift in Sources */ = {isa = PBXBuildFile; fileRef = F4587CF52A0F609E00F56BCD /* AppDelegate.swift */; };
		F4587CF82A0F609E00F56BCD /* SceneDelegate.swift in Sources */ = {isa = PBXBuildFile; fileRef = F4587CF72A0F609E00F56BCD /* SceneDelegate.swift */; };
		F4587CFA2A0F609E00F56BCD /* ViewController.swift in Sources */ = {isa = PBXBuildFile; fileRef = F4587CF92A0F609E00F56BCD /* ViewController.swift */; };
		F4587CFD2A0F609E00F56BCD /* Main.storyboard in Resources */ = {isa = PBXBuildFile; fileRef = F4587CFB2A0F609E00F56BCD /* Main.storyboard */; };
		F4587CFF2A0F60A000F56BCD /* Assets.xcassets in Resources */ = {isa = PBXBuildFile; fileRef = F4587CFE2A0F60A000F56BCD /* Assets.xcassets */; };
		F4587D022A0F60A000F56BCD /* LaunchScreen.storyboard in Resources */ = {isa = PBXBuildFile; fileRef = F4587D002A0F60A000F56BCD /* LaunchScreen.storyboard */; };
		F4587D1D2A12B46E00F56BCD /* view.swift in Sources */ = {isa = PBXBuildFile; fileRef = F4587D1C2A12B46E00F56BCD /* view.swift */; };
		F4587D1F2A12B48900F56BCD /* Common.swift in Sources */ = {isa = PBXBuildFile; fileRef = F4587D1E2A12B48900F56BCD /* Common.swift */; };
		F4587D212A12B49200F56BCD /* TabBar.swift in Sources */ = {isa = PBXBuildFile; fileRef = F4587D202A12B49200F56BCD /* TabBar.swift */; };
		F4587D232A12B49C00F56BCD /* Service.swift in Sources */ = {isa = PBXBuildFile; fileRef = F4587D222A12B49C00F56BCD /* Service.swift */; };
		F4587D252A12B4A600F56BCD /* Model.swift in Sources */ = {isa = PBXBuildFile; fileRef = F4587D242A12B4A600F56BCD /* Model.swift */; };
		F4587D272A12B4AF00F56BCD /* Base.swift in Sources */ = {isa = PBXBuildFile; fileRef = F4587D262A12B4AF00F56BCD /* Base.swift */; };
		F4587D292A12B4B900F56BCD /* API.swift in Sources */ = {isa = PBXBuildFile; fileRef = F4587D282A12B4B900F56BCD /* API.swift */; };
		F4587D2B2A12B4C500F56BCD /* UI+.swift in Sources */ = {isa = PBXBuildFile; fileRef = F4587D2A2A12B4C500F56BCD /* UI+.swift */; };
		F4587D2D2A12B4CD00F56BCD /* Literals.swift in Sources */ = {isa = PBXBuildFile; fileRef = F4587D2C2A12B4CD00F56BCD /* Literals.swift */; };
		F4587D302A12B89D00F56BCD /* Kingfisher in Frameworks */ = {isa = PBXBuildFile; productRef = F4587D2F2A12B89D00F56BCD /* Kingfisher */; };
		F4587D332A12B8AD00F56BCD /* Alamofire in Frameworks */ = {isa = PBXBuildFile; productRef = F4587D322A12B8AD00F56BCD /* Alamofire */; };
		F4587D362A12B8BC00F56BCD /* SnapKit in Frameworks */ = {isa = PBXBuildFile; productRef = F4587D352A12B8BC00F56BCD /* SnapKit */; };
		F4587D392A12BD1000F56BCD /* .swiftlint.yml in Resources */ = {isa = PBXBuildFile; fileRef = F4587D382A12BD1000F56BCD /* .swiftlint.yml */; };
/* End PBXBuildFile section */

/* Begin PBXFileReference section */
		093DB0402A17489B00ECA5F6 /* UiCollectionView+.swift */ = {isa = PBXFileReference; lastKnownFileType = sourcecode.swift; path = "UiCollectionView+.swift"; sourceTree = "<group>"; };
		093DB0422A1748B400ECA5F6 /* NSObject+.swift */ = {isa = PBXFileReference; lastKnownFileType = sourcecode.swift; path = "NSObject+.swift"; sourceTree = "<group>"; };
		093DB0442A17497600ECA5F6 /* UIStackView+.swift */ = {isa = PBXFileReference; lastKnownFileType = sourcecode.swift; path = "UIStackView+.swift"; sourceTree = "<group>"; };
		093DB0462A1749A300ECA5F6 /* UIView+.swift */ = {isa = PBXFileReference; lastKnownFileType = sourcecode.swift; path = "UIView+.swift"; sourceTree = "<group>"; };
		093DB0482A1749D800ECA5F6 /* UILabel+.swift */ = {isa = PBXFileReference; lastKnownFileType = sourcecode.swift; path = "UILabel+.swift"; sourceTree = "<group>"; };
		8D10FA472A13EC2700F40F2A /* Color.xcassets */ = {isa = PBXFileReference; lastKnownFileType = folder.assetcatalog; path = Color.xcassets; sourceTree = "<group>"; };
		8D10FA4A2A13ED4100F40F2A /* UIColor+.swift */ = {isa = PBXFileReference; lastKnownFileType = sourcecode.swift; path = "UIColor+.swift"; sourceTree = "<group>"; };
		F413BD772A13DA0C0084B2F9 /* Info.plist */ = {isa = PBXFileReference; fileEncoding = 4; lastKnownFileType = text.plist.xml; path = Info.plist; sourceTree = "<group>"; };
		F413BD812A162B410084B2F9 /* Skeleton.xcassets */ = {isa = PBXFileReference; lastKnownFileType = folder.assetcatalog; path = Skeleton.xcassets; sourceTree = "<group>"; };
		F413BD852A162B520084B2F9 /* Button.xcassets */ = {isa = PBXFileReference; lastKnownFileType = folder.assetcatalog; path = Button.xcassets; sourceTree = "<group>"; };
		F413BD872A162B5C0084B2F9 /* Option.xcassets */ = {isa = PBXFileReference; lastKnownFileType = folder.assetcatalog; path = Option.xcassets; sourceTree = "<group>"; };
		F413BD892A16503E0084B2F9 /* Icon.xcassets */ = {isa = PBXFileReference; lastKnownFileType = folder.assetcatalog; path = Icon.xcassets; sourceTree = "<group>"; };
		F413BD8B2A1650460084B2F9 /* Tag.xcassets */ = {isa = PBXFileReference; lastKnownFileType = folder.assetcatalog; path = Tag.xcassets; sourceTree = "<group>"; };
		F413BD8D2A16554D0084B2F9 /* TabBar.xcassets */ = {isa = PBXFileReference; lastKnownFileType = folder.assetcatalog; path = TabBar.xcassets; sourceTree = "<group>"; };
		F413BD912A1661840084B2F9 /* UIImage+.swift */ = {isa = PBXFileReference; lastKnownFileType = sourcecode.swift; path = "UIImage+.swift"; sourceTree = "<group>"; };
		F4587CF22A0F609E00F56BCD /* Baemin_iOS.app */ = {isa = PBXFileReference; explicitFileType = wrapper.application; includeInIndex = 0; path = Baemin_iOS.app; sourceTree = BUILT_PRODUCTS_DIR; };
		F4587CF52A0F609E00F56BCD /* AppDelegate.swift */ = {isa = PBXFileReference; lastKnownFileType = sourcecode.swift; path = AppDelegate.swift; sourceTree = "<group>"; };
		F4587CF72A0F609E00F56BCD /* SceneDelegate.swift */ = {isa = PBXFileReference; lastKnownFileType = sourcecode.swift; path = SceneDelegate.swift; sourceTree = "<group>"; };
		F4587CF92A0F609E00F56BCD /* ViewController.swift */ = {isa = PBXFileReference; lastKnownFileType = sourcecode.swift; path = ViewController.swift; sourceTree = "<group>"; };
		F4587CFC2A0F609E00F56BCD /* Base */ = {isa = PBXFileReference; lastKnownFileType = file.storyboard; name = Base; path = Base.lproj/Main.storyboard; sourceTree = "<group>"; };
		F4587CFE2A0F60A000F56BCD /* Assets.xcassets */ = {isa = PBXFileReference; lastKnownFileType = folder.assetcatalog; path = Assets.xcassets; sourceTree = "<group>"; };
		F4587D012A0F60A000F56BCD /* Base */ = {isa = PBXFileReference; lastKnownFileType = file.storyboard; name = Base; path = Base.lproj/LaunchScreen.storyboard; sourceTree = "<group>"; };
		F4587D1C2A12B46E00F56BCD /* view.swift */ = {isa = PBXFileReference; lastKnownFileType = sourcecode.swift; path = view.swift; sourceTree = "<group>"; };
		F4587D1E2A12B48900F56BCD /* Common.swift */ = {isa = PBXFileReference; lastKnownFileType = sourcecode.swift; path = Common.swift; sourceTree = "<group>"; };
		F4587D202A12B49200F56BCD /* TabBar.swift */ = {isa = PBXFileReference; lastKnownFileType = sourcecode.swift; path = TabBar.swift; sourceTree = "<group>"; };
		F4587D222A12B49C00F56BCD /* Service.swift */ = {isa = PBXFileReference; lastKnownFileType = sourcecode.swift; path = Service.swift; sourceTree = "<group>"; };
		F4587D242A12B4A600F56BCD /* Model.swift */ = {isa = PBXFileReference; lastKnownFileType = sourcecode.swift; path = Model.swift; sourceTree = "<group>"; };
		F4587D262A12B4AF00F56BCD /* Base.swift */ = {isa = PBXFileReference; lastKnownFileType = sourcecode.swift; path = Base.swift; sourceTree = "<group>"; };
		F4587D282A12B4B900F56BCD /* API.swift */ = {isa = PBXFileReference; lastKnownFileType = sourcecode.swift; path = API.swift; sourceTree = "<group>"; };
		F4587D2A2A12B4C500F56BCD /* UI+.swift */ = {isa = PBXFileReference; lastKnownFileType = sourcecode.swift; path = "UI+.swift"; sourceTree = "<group>"; };
		F4587D2C2A12B4CD00F56BCD /* Literals.swift */ = {isa = PBXFileReference; lastKnownFileType = sourcecode.swift; path = Literals.swift; sourceTree = "<group>"; };
		F4587D382A12BD1000F56BCD /* .swiftlint.yml */ = {isa = PBXFileReference; lastKnownFileType = text.yaml; path = .swiftlint.yml; sourceTree = "<group>"; };
/* End PBXFileReference section */

/* Begin PBXFrameworksBuildPhase section */
		F4587CEF2A0F609E00F56BCD /* Frameworks */ = {
			isa = PBXFrameworksBuildPhase;
			buildActionMask = 2147483647;
			files = (
				F4587D362A12B8BC00F56BCD /* SnapKit in Frameworks */,
				F4587D302A12B89D00F56BCD /* Kingfisher in Frameworks */,
				F4587D332A12B8AD00F56BCD /* Alamofire in Frameworks */,
			);
			runOnlyForDeploymentPostprocessing = 0;
		};
/* End PBXFrameworksBuildPhase section */

/* Begin PBXGroup section */
		8D10FA462A13EBFA00F40F2A /* Colors */ = {
			isa = PBXGroup;
			children = (
				8D10FA472A13EC2700F40F2A /* Color.xcassets */,
			);
			path = Colors;
			sourceTree = "<group>";
		};
		8D10FA492A13ED2100F40F2A /* Design */ = {
			isa = PBXGroup;
			children = (
				8D10FA4A2A13ED4100F40F2A /* UIColor+.swift */,
			);
			path = Design;
			sourceTree = "<group>";
		};
		F413BD792A1626D10084B2F9 /* Images */ = {
			isa = PBXGroup;
			children = (
				F413BD812A162B410084B2F9 /* Skeleton.xcassets */,
				F413BD852A162B520084B2F9 /* Button.xcassets */,
				F413BD872A162B5C0084B2F9 /* Option.xcassets */,
				F413BD892A16503E0084B2F9 /* Icon.xcassets */,
				F413BD8B2A1650460084B2F9 /* Tag.xcassets */,
				F413BD8D2A16554D0084B2F9 /* TabBar.xcassets */,
			);
			path = Images;
			sourceTree = "<group>";
		};
		F413BD902A16611E0084B2F9 /* Images */ = {
			isa = PBXGroup;
			children = (
				F413BD912A1661840084B2F9 /* UIImage+.swift */,
			);
			path = Images;
			sourceTree = "<group>";
		};
		F4587CE92A0F609E00F56BCD = {
			isa = PBXGroup;
			children = (
				F4587D382A12BD1000F56BCD /* .swiftlint.yml */,
				F4587CF42A0F609E00F56BCD /* Baemin_iOS */,
				F4587CF32A0F609E00F56BCD /* Products */,
			);
			sourceTree = "<group>";
		};
		F4587CF32A0F609E00F56BCD /* Products */ = {
			isa = PBXGroup;
			children = (
				F4587CF22A0F609E00F56BCD /* Baemin_iOS.app */,
			);
			name = Products;
			sourceTree = "<group>";
		};
		F4587CF42A0F609E00F56BCD /* Baemin_iOS */ = {
			isa = PBXGroup;
			children = (
				F4587D0D2A12B17000F56BCD /* Application */,
				F4587D0B2A12B15900F56BCD /* Global */,
				F4587D0A2A12B14F00F56BCD /* Network */,
				F4587D0E2A12B1A600F56BCD /* Presentation */,
				F4587D092A12B12300F56BCD /* Resources */,
			);
			path = Baemin_iOS;
			sourceTree = "<group>";
		};
		F4587D092A12B12300F56BCD /* Resources */ = {
			isa = PBXGroup;
			children = (
				F413BD792A1626D10084B2F9 /* Images */,
				8D10FA462A13EBFA00F40F2A /* Colors */,
				F413BD772A13DA0C0084B2F9 /* Info.plist */,
				F4587CFB2A0F609E00F56BCD /* Main.storyboard */,
				F4587CFE2A0F60A000F56BCD /* Assets.xcassets */,
				F4587D002A0F60A000F56BCD /* LaunchScreen.storyboard */,
			);
			path = Resources;
			sourceTree = "<group>";
		};
		F4587D0A2A12B14F00F56BCD /* Network */ = {
			isa = PBXGroup;
			children = (
				F4587D142A12B2A700F56BCD /* API */,
				F4587D152A12B2AD00F56BCD /* Base */,
				F4587D162A12B2B500F56BCD /* DataModel */,
				F4587D172A12B2BC00F56BCD /* Servjce */,
			);
			path = Network;
			sourceTree = "<group>";
		};
		F4587D0B2A12B15900F56BCD /* Global */ = {
			isa = PBXGroup;
			children = (
				F4587D0C2A12B16700F56BCD /* Extensions */,
				F4587D122A12B28300F56BCD /* Literals */,
			);
			path = Global;
			sourceTree = "<group>";
		};
		F4587D0C2A12B16700F56BCD /* Extensions */ = {
			isa = PBXGroup;
			children = (
				F413BD902A16611E0084B2F9 /* Images */,
				8D10FA492A13ED2100F40F2A /* Design */,
				F4587D132A12B29A00F56BCD /* UI */,
				093DB0402A17489B00ECA5F6 /* UiCollectionView+.swift */,
				093DB0442A17497600ECA5F6 /* UIStackView+.swift */,
				093DB0462A1749A300ECA5F6 /* UIView+.swift */,
				093DB0482A1749D800ECA5F6 /* UILabel+.swift */,
				093DB0422A1748B400ECA5F6 /* NSObject+.swift */,
			);
			path = Extensions;
			sourceTree = "<group>";
		};
		F4587D0D2A12B17000F56BCD /* Application */ = {
			isa = PBXGroup;
			children = (
				F4587CF52A0F609E00F56BCD /* AppDelegate.swift */,
				F4587CF72A0F609E00F56BCD /* SceneDelegate.swift */,
			);
			path = Application;
			sourceTree = "<group>";
		};
		F4587D0E2A12B1A600F56BCD /* Presentation */ = {
			isa = PBXGroup;
			children = (
				F4587D0F2A12B1FC00F56BCD /* Scene */,
				F4587D102A12B21F00F56BCD /* Common */,
				F4587D112A12B22400F56BCD /* TabBar */,
			);
			path = Presentation;
			sourceTree = "<group>";
		};
		F4587D0F2A12B1FC00F56BCD /* Scene */ = {
			isa = PBXGroup;
			children = (
				F4587D182A12B2CB00F56BCD /* VC */,
				F4587D192A12B2DB00F56BCD /* Views */,
			);
			path = Scene;
			sourceTree = "<group>";
		};
		F4587D102A12B21F00F56BCD /* Common */ = {
			isa = PBXGroup;
			children = (
				F4587D1E2A12B48900F56BCD /* Common.swift */,
			);
			path = Common;
			sourceTree = "<group>";
		};
		F4587D112A12B22400F56BCD /* TabBar */ = {
			isa = PBXGroup;
			children = (
				F4587D202A12B49200F56BCD /* TabBar.swift */,
			);
			path = TabBar;
			sourceTree = "<group>";
		};
		F4587D122A12B28300F56BCD /* Literals */ = {
			isa = PBXGroup;
			children = (
				F4587D2C2A12B4CD00F56BCD /* Literals.swift */,
			);
			path = Literals;
			sourceTree = "<group>";
		};
		F4587D132A12B29A00F56BCD /* UI */ = {
			isa = PBXGroup;
			children = (
				F4587D2A2A12B4C500F56BCD /* UI+.swift */,
			);
			path = UI;
			sourceTree = "<group>";
		};
		F4587D142A12B2A700F56BCD /* API */ = {
			isa = PBXGroup;
			children = (
				F4587D282A12B4B900F56BCD /* API.swift */,
			);
			path = API;
			sourceTree = "<group>";
		};
		F4587D152A12B2AD00F56BCD /* Base */ = {
			isa = PBXGroup;
			children = (
				F4587D262A12B4AF00F56BCD /* Base.swift */,
			);
			path = Base;
			sourceTree = "<group>";
		};
		F4587D162A12B2B500F56BCD /* DataModel */ = {
			isa = PBXGroup;
			children = (
				F4587D242A12B4A600F56BCD /* Model.swift */,
			);
			path = DataModel;
			sourceTree = "<group>";
		};
		F4587D172A12B2BC00F56BCD /* Servjce */ = {
			isa = PBXGroup;
			children = (
				F4587D222A12B49C00F56BCD /* Service.swift */,
			);
			path = Servjce;
			sourceTree = "<group>";
		};
		F4587D182A12B2CB00F56BCD /* VC */ = {
			isa = PBXGroup;
			children = (
				F4587CF92A0F609E00F56BCD /* ViewController.swift */,
			);
			path = VC;
			sourceTree = "<group>";
		};
		F4587D192A12B2DB00F56BCD /* Views */ = {
			isa = PBXGroup;
			children = (
				F4587D1C2A12B46E00F56BCD /* view.swift */,
			);
			path = Views;
			sourceTree = "<group>";
		};
/* End PBXGroup section */

/* Begin PBXNativeTarget section */
		F4587CF12A0F609E00F56BCD /* Baemin_iOS */ = {
			isa = PBXNativeTarget;
			buildConfigurationList = F4587D062A0F60A000F56BCD /* Build configuration list for PBXNativeTarget "Baemin_iOS" */;
			buildPhases = (
				093DB02A2A13E16A00ECA5F6 /* SwiftLint Script */,
				F4587CEE2A0F609E00F56BCD /* Sources */,
				F4587CEF2A0F609E00F56BCD /* Frameworks */,
				F4587CF02A0F609E00F56BCD /* Resources */,
				F4587D372A12BC2000F56BCD /* ShellScript */,
			);
			buildRules = (
			);
			dependencies = (
			);
			name = Baemin_iOS;
			packageProductDependencies = (
				F4587D2F2A12B89D00F56BCD /* Kingfisher */,
				F4587D322A12B8AD00F56BCD /* Alamofire */,
				F4587D352A12B8BC00F56BCD /* SnapKit */,
			);
			productName = Baemin_iOS;
			productReference = F4587CF22A0F609E00F56BCD /* Baemin_iOS.app */;
			productType = "com.apple.product-type.application";
		};
/* End PBXNativeTarget section */

/* Begin PBXProject section */
		F4587CEA2A0F609E00F56BCD /* Project object */ = {
			isa = PBXProject;
			attributes = {
				BuildIndependentTargetsInParallel = 1;
				LastSwiftUpdateCheck = 1420;
				LastUpgradeCheck = 1420;
				TargetAttributes = {
					F4587CF12A0F609E00F56BCD = {
						CreatedOnToolsVersion = 14.2;
					};
				};
			};
			buildConfigurationList = F4587CED2A0F609E00F56BCD /* Build configuration list for PBXProject "Baemin_iOS" */;
			compatibilityVersion = "Xcode 14.0";
			developmentRegion = en;
			hasScannedForEncodings = 0;
			knownRegions = (
				en,
				Base,
			);
			mainGroup = F4587CE92A0F609E00F56BCD;
			packageReferences = (
				F4587D2E2A12B89D00F56BCD /* XCRemoteSwiftPackageReference "Kingfisher" */,
				F4587D312A12B8AD00F56BCD /* XCRemoteSwiftPackageReference "Alamofire" */,
				F4587D342A12B8BC00F56BCD /* XCRemoteSwiftPackageReference "SnapKit" */,
			);
			productRefGroup = F4587CF32A0F609E00F56BCD /* Products */;
			projectDirPath = "";
			projectRoot = "";
			targets = (
				F4587CF12A0F609E00F56BCD /* Baemin_iOS */,
			);
		};
/* End PBXProject section */

/* Begin PBXResourcesBuildPhase section */
		F4587CF02A0F609E00F56BCD /* Resources */ = {
			isa = PBXResourcesBuildPhase;
			buildActionMask = 2147483647;
			files = (
				F413BD822A162B410084B2F9 /* Skeleton.xcassets in Resources */,
				F413BD882A162B5C0084B2F9 /* Option.xcassets in Resources */,
				F413BD8A2A16503E0084B2F9 /* Icon.xcassets in Resources */,
				8D10FA482A13EC2700F40F2A /* Color.xcassets in Resources */,
				F4587D392A12BD1000F56BCD /* .swiftlint.yml in Resources */,
				F4587D022A0F60A000F56BCD /* LaunchScreen.storyboard in Resources */,
				F4587CFF2A0F60A000F56BCD /* Assets.xcassets in Resources */,
				F4587CFD2A0F609E00F56BCD /* Main.storyboard in Resources */,
				F413BD8E2A16554D0084B2F9 /* TabBar.xcassets in Resources */,
				F413BD8C2A1650460084B2F9 /* Tag.xcassets in Resources */,
				F413BD862A162B520084B2F9 /* Button.xcassets in Resources */,
			);
			runOnlyForDeploymentPostprocessing = 0;
		};
/* End PBXResourcesBuildPhase section */

/* Begin PBXShellScriptBuildPhase section */
		093DB02A2A13E16A00ECA5F6 /* SwiftLint Script */ = {
			isa = PBXShellScriptBuildPhase;
			buildActionMask = 2147483647;
			files = (
			);
			inputFileListPaths = (
			);
			inputPaths = (
			);
			name = "SwiftLint Script";
			outputFileListPaths = (
			);
			outputPaths = (
			);
			runOnlyForDeploymentPostprocessing = 0;
			shellPath = /bin/sh;
			shellScript = "export PATH=\"$PATH:/opt/homebrew/bin\"\nif which swiftlint > /dev/null; then\n  swiftlint\nelse\n  echo \"warning: SwiftLint not installed, download from https://github.com/realm/SwiftLint\"\nfi\n";
		};
		F4587D372A12BC2000F56BCD /* ShellScript */ = {
			isa = PBXShellScriptBuildPhase;
			buildActionMask = 2147483647;
			files = (
			);
			inputFileListPaths = (
			);
			inputPaths = (
			);
			outputFileListPaths = (
			);
			outputPaths = (
			);
			runOnlyForDeploymentPostprocessing = 0;
			shellPath = /bin/sh;
			shellScript = "if test -d \"/opt/homebrew/bin/\"; then\n  PATH=\"/opt/homebrew/bin/:${PATH}\"\nfi\n\nif test -d \"$HOME/.mint/bin\"; then\n  PATH=\"$HOME/.mint/bin:${PATH}\"\nfi\n\nexport PATH\n\nif which swiftlint >/dev/null; then\n  swiftlint\nelse\n  echo \"warning: SwiftLint not installed, run setup.sh (or download from https://github.com/realm/SwiftLint)\"\nfi\n";
		};
/* End PBXShellScriptBuildPhase section */

/* Begin PBXSourcesBuildPhase section */
		F4587CEE2A0F609E00F56BCD /* Sources */ = {
			isa = PBXSourcesBuildPhase;
			buildActionMask = 2147483647;
			files = (
				093DB0412A17489B00ECA5F6 /* UiCollectionView+.swift in Sources */,
				F413BD922A1661840084B2F9 /* UIImage+.swift in Sources */,
				F4587D1D2A12B46E00F56BCD /* view.swift in Sources */,
				F4587D232A12B49C00F56BCD /* Service.swift in Sources */,
				F4587CFA2A0F609E00F56BCD /* ViewController.swift in Sources */,
				093DB0492A1749D800ECA5F6 /* UILabel+.swift in Sources */,
				F4587CF62A0F609E00F56BCD /* AppDelegate.swift in Sources */,
				093DB0472A1749A300ECA5F6 /* UIView+.swift in Sources */,
				F4587D292A12B4B900F56BCD /* API.swift in Sources */,
				F4587D2D2A12B4CD00F56BCD /* Literals.swift in Sources */,
				F4587D212A12B49200F56BCD /* TabBar.swift in Sources */,
				F4587D1F2A12B48900F56BCD /* Common.swift in Sources */,
				093DB0432A1748B400ECA5F6 /* NSObject+.swift in Sources */,
				F4587D272A12B4AF00F56BCD /* Base.swift in Sources */,
				F4587CF82A0F609E00F56BCD /* SceneDelegate.swift in Sources */,
				8D10FA4B2A13ED4100F40F2A /* UIColor+.swift in Sources */,
				F4587D2B2A12B4C500F56BCD /* UI+.swift in Sources */,
				093DB0452A17497600ECA5F6 /* UIStackView+.swift in Sources */,
				F4587D252A12B4A600F56BCD /* Model.swift in Sources */,
			);
			runOnlyForDeploymentPostprocessing = 0;
		};
/* End PBXSourcesBuildPhase section */

/* Begin PBXVariantGroup section */
		F4587CFB2A0F609E00F56BCD /* Main.storyboard */ = {
			isa = PBXVariantGroup;
			children = (
				F4587CFC2A0F609E00F56BCD /* Base */,
			);
			name = Main.storyboard;
			sourceTree = "<group>";
		};
		F4587D002A0F60A000F56BCD /* LaunchScreen.storyboard */ = {
			isa = PBXVariantGroup;
			children = (
				F4587D012A0F60A000F56BCD /* Base */,
			);
			name = LaunchScreen.storyboard;
			sourceTree = "<group>";
		};
/* End PBXVariantGroup section */

/* Begin XCBuildConfiguration section */
		F4587D042A0F60A000F56BCD /* Debug */ = {
			isa = XCBuildConfiguration;
			buildSettings = {
				ALWAYS_SEARCH_USER_PATHS = NO;
				CLANG_ANALYZER_NONNULL = YES;
				CLANG_ANALYZER_NUMBER_OBJECT_CONVERSION = YES_AGGRESSIVE;
				CLANG_CXX_LANGUAGE_STANDARD = "gnu++20";
				CLANG_ENABLE_MODULES = YES;
				CLANG_ENABLE_OBJC_ARC = YES;
				CLANG_ENABLE_OBJC_WEAK = YES;
				CLANG_WARN_BLOCK_CAPTURE_AUTORELEASING = YES;
				CLANG_WARN_BOOL_CONVERSION = YES;
				CLANG_WARN_COMMA = YES;
				CLANG_WARN_CONSTANT_CONVERSION = YES;
				CLANG_WARN_DEPRECATED_OBJC_IMPLEMENTATIONS = YES;
				CLANG_WARN_DIRECT_OBJC_ISA_USAGE = YES_ERROR;
				CLANG_WARN_DOCUMENTATION_COMMENTS = YES;
				CLANG_WARN_EMPTY_BODY = YES;
				CLANG_WARN_ENUM_CONVERSION = YES;
				CLANG_WARN_INFINITE_RECURSION = YES;
				CLANG_WARN_INT_CONVERSION = YES;
				CLANG_WARN_NON_LITERAL_NULL_CONVERSION = YES;
				CLANG_WARN_OBJC_IMPLICIT_RETAIN_SELF = YES;
				CLANG_WARN_OBJC_LITERAL_CONVERSION = YES;
				CLANG_WARN_OBJC_ROOT_CLASS = YES_ERROR;
				CLANG_WARN_QUOTED_INCLUDE_IN_FRAMEWORK_HEADER = YES;
				CLANG_WARN_RANGE_LOOP_ANALYSIS = YES;
				CLANG_WARN_STRICT_PROTOTYPES = YES;
				CLANG_WARN_SUSPICIOUS_MOVE = YES;
				CLANG_WARN_UNGUARDED_AVAILABILITY = YES_AGGRESSIVE;
				CLANG_WARN_UNREACHABLE_CODE = YES;
				CLANG_WARN__DUPLICATE_METHOD_MATCH = YES;
				COPY_PHASE_STRIP = NO;
				DEBUG_INFORMATION_FORMAT = dwarf;
				ENABLE_STRICT_OBJC_MSGSEND = YES;
				ENABLE_TESTABILITY = YES;
				GCC_C_LANGUAGE_STANDARD = gnu11;
				GCC_DYNAMIC_NO_PIC = NO;
				GCC_NO_COMMON_BLOCKS = YES;
				GCC_OPTIMIZATION_LEVEL = 0;
				GCC_PREPROCESSOR_DEFINITIONS = (
					"DEBUG=1",
					"$(inherited)",
				);
				GCC_WARN_64_TO_32_BIT_CONVERSION = YES;
				GCC_WARN_ABOUT_RETURN_TYPE = YES_ERROR;
				GCC_WARN_UNDECLARED_SELECTOR = YES;
				GCC_WARN_UNINITIALIZED_AUTOS = YES_AGGRESSIVE;
				GCC_WARN_UNUSED_FUNCTION = YES;
				GCC_WARN_UNUSED_VARIABLE = YES;
				IPHONEOS_DEPLOYMENT_TARGET = 16.2;
				MTL_ENABLE_DEBUG_INFO = INCLUDE_SOURCE;
				MTL_FAST_MATH = YES;
				ONLY_ACTIVE_ARCH = YES;
				SDKROOT = iphoneos;
				SWIFT_ACTIVE_COMPILATION_CONDITIONS = DEBUG;
				SWIFT_OPTIMIZATION_LEVEL = "-Onone";
			};
			name = Debug;
		};
		F4587D052A0F60A000F56BCD /* Release */ = {
			isa = XCBuildConfiguration;
			buildSettings = {
				ALWAYS_SEARCH_USER_PATHS = NO;
				CLANG_ANALYZER_NONNULL = YES;
				CLANG_ANALYZER_NUMBER_OBJECT_CONVERSION = YES_AGGRESSIVE;
				CLANG_CXX_LANGUAGE_STANDARD = "gnu++20";
				CLANG_ENABLE_MODULES = YES;
				CLANG_ENABLE_OBJC_ARC = YES;
				CLANG_ENABLE_OBJC_WEAK = YES;
				CLANG_WARN_BLOCK_CAPTURE_AUTORELEASING = YES;
				CLANG_WARN_BOOL_CONVERSION = YES;
				CLANG_WARN_COMMA = YES;
				CLANG_WARN_CONSTANT_CONVERSION = YES;
				CLANG_WARN_DEPRECATED_OBJC_IMPLEMENTATIONS = YES;
				CLANG_WARN_DIRECT_OBJC_ISA_USAGE = YES_ERROR;
				CLANG_WARN_DOCUMENTATION_COMMENTS = YES;
				CLANG_WARN_EMPTY_BODY = YES;
				CLANG_WARN_ENUM_CONVERSION = YES;
				CLANG_WARN_INFINITE_RECURSION = YES;
				CLANG_WARN_INT_CONVERSION = YES;
				CLANG_WARN_NON_LITERAL_NULL_CONVERSION = YES;
				CLANG_WARN_OBJC_IMPLICIT_RETAIN_SELF = YES;
				CLANG_WARN_OBJC_LITERAL_CONVERSION = YES;
				CLANG_WARN_OBJC_ROOT_CLASS = YES_ERROR;
				CLANG_WARN_QUOTED_INCLUDE_IN_FRAMEWORK_HEADER = YES;
				CLANG_WARN_RANGE_LOOP_ANALYSIS = YES;
				CLANG_WARN_STRICT_PROTOTYPES = YES;
				CLANG_WARN_SUSPICIOUS_MOVE = YES;
				CLANG_WARN_UNGUARDED_AVAILABILITY = YES_AGGRESSIVE;
				CLANG_WARN_UNREACHABLE_CODE = YES;
				CLANG_WARN__DUPLICATE_METHOD_MATCH = YES;
				COPY_PHASE_STRIP = NO;
				DEBUG_INFORMATION_FORMAT = "dwarf-with-dsym";
				ENABLE_NS_ASSERTIONS = NO;
				ENABLE_STRICT_OBJC_MSGSEND = YES;
				GCC_C_LANGUAGE_STANDARD = gnu11;
				GCC_NO_COMMON_BLOCKS = YES;
				GCC_WARN_64_TO_32_BIT_CONVERSION = YES;
				GCC_WARN_ABOUT_RETURN_TYPE = YES_ERROR;
				GCC_WARN_UNDECLARED_SELECTOR = YES;
				GCC_WARN_UNINITIALIZED_AUTOS = YES_AGGRESSIVE;
				GCC_WARN_UNUSED_FUNCTION = YES;
				GCC_WARN_UNUSED_VARIABLE = YES;
				IPHONEOS_DEPLOYMENT_TARGET = 16.2;
				MTL_ENABLE_DEBUG_INFO = NO;
				MTL_FAST_MATH = YES;
				SDKROOT = iphoneos;
				SWIFT_COMPILATION_MODE = wholemodule;
				SWIFT_OPTIMIZATION_LEVEL = "-O";
				VALIDATE_PRODUCT = YES;
			};
			name = Release;
		};
		F4587D072A0F60A000F56BCD /* Debug */ = {
			isa = XCBuildConfiguration;
			buildSettings = {
				ASSETCATALOG_COMPILER_APPICON_NAME = AppIcon;
				ASSETCATALOG_COMPILER_GLOBAL_ACCENT_COLOR_NAME = AccentColor;
				CODE_SIGN_STYLE = Automatic;
				CURRENT_PROJECT_VERSION = 1;
				DEVELOPMENT_TEAM = ZLLGCJ8XUL;
				GENERATE_INFOPLIST_FILE = YES;
				INFOPLIST_FILE = Baemin_iOS/Resources/Info.plist;
				INFOPLIST_KEY_UIApplicationSupportsIndirectInputEvents = YES;
				INFOPLIST_KEY_UILaunchStoryboardName = LaunchScreen;
				INFOPLIST_KEY_UIMainStoryboardFile = Main;
				INFOPLIST_KEY_UISupportedInterfaceOrientations_iPad = "UIInterfaceOrientationPortrait UIInterfaceOrientationPortraitUpsideDown UIInterfaceOrientationLandscapeLeft UIInterfaceOrientationLandscapeRight";
				INFOPLIST_KEY_UISupportedInterfaceOrientations_iPhone = "UIInterfaceOrientationPortrait UIInterfaceOrientationLandscapeLeft UIInterfaceOrientationLandscapeRight";
				LD_RUNPATH_SEARCH_PATHS = (
					"$(inherited)",
					"@executable_path/Frameworks",
				);
				MARKETING_VERSION = 1.0;
				PRODUCT_BUNDLE_IDENTIFIER = "sopt.seminar.Baemin-iOS";
				PRODUCT_NAME = "$(TARGET_NAME)";
				SWIFT_EMIT_LOC_STRINGS = YES;
				SWIFT_VERSION = 5.0;
				TARGETED_DEVICE_FAMILY = "1,2";
			};
			name = Debug;
		};
		F4587D082A0F60A000F56BCD /* Release */ = {
			isa = XCBuildConfiguration;
			buildSettings = {
				ASSETCATALOG_COMPILER_APPICON_NAME = AppIcon;
				ASSETCATALOG_COMPILER_GLOBAL_ACCENT_COLOR_NAME = AccentColor;
				CODE_SIGN_STYLE = Automatic;
				CURRENT_PROJECT_VERSION = 1;
				DEVELOPMENT_TEAM = ZLLGCJ8XUL;
				GENERATE_INFOPLIST_FILE = YES;
				INFOPLIST_FILE = Baemin_iOS/Resources/Info.plist;
				INFOPLIST_KEY_UIApplicationSupportsIndirectInputEvents = YES;
				INFOPLIST_KEY_UILaunchStoryboardName = LaunchScreen;
				INFOPLIST_KEY_UIMainStoryboardFile = Main;
				INFOPLIST_KEY_UISupportedInterfaceOrientations_iPad = "UIInterfaceOrientationPortrait UIInterfaceOrientationPortraitUpsideDown UIInterfaceOrientationLandscapeLeft UIInterfaceOrientationLandscapeRight";
				INFOPLIST_KEY_UISupportedInterfaceOrientations_iPhone = "UIInterfaceOrientationPortrait UIInterfaceOrientationLandscapeLeft UIInterfaceOrientationLandscapeRight";
				LD_RUNPATH_SEARCH_PATHS = (
					"$(inherited)",
					"@executable_path/Frameworks",
				);
				MARKETING_VERSION = 1.0;
				PRODUCT_BUNDLE_IDENTIFIER = "sopt.seminar.Baemin-iOS";
				PRODUCT_NAME = "$(TARGET_NAME)";
				SWIFT_EMIT_LOC_STRINGS = YES;
				SWIFT_VERSION = 5.0;
				TARGETED_DEVICE_FAMILY = "1,2";
			};
			name = Release;
		};
/* End XCBuildConfiguration section */

/* Begin XCConfigurationList section */
		F4587CED2A0F609E00F56BCD /* Build configuration list for PBXProject "Baemin_iOS" */ = {
			isa = XCConfigurationList;
			buildConfigurations = (
				F4587D042A0F60A000F56BCD /* Debug */,
				F4587D052A0F60A000F56BCD /* Release */,
			);
			defaultConfigurationIsVisible = 0;
			defaultConfigurationName = Release;
		};
		F4587D062A0F60A000F56BCD /* Build configuration list for PBXNativeTarget "Baemin_iOS" */ = {
			isa = XCConfigurationList;
			buildConfigurations = (
				F4587D072A0F60A000F56BCD /* Debug */,
				F4587D082A0F60A000F56BCD /* Release */,
			);
			defaultConfigurationIsVisible = 0;
			defaultConfigurationName = Release;
		};
/* End XCConfigurationList section */

/* Begin XCRemoteSwiftPackageReference section */
		F4587D2E2A12B89D00F56BCD /* XCRemoteSwiftPackageReference "Kingfisher" */ = {
			isa = XCRemoteSwiftPackageReference;
			repositoryURL = "https://github.com/onevcat/Kingfisher.git";
			requirement = {
				kind = upToNextMajorVersion;
				minimumVersion = 7.0.0;
			};
		};
		F4587D312A12B8AD00F56BCD /* XCRemoteSwiftPackageReference "Alamofire" */ = {
			isa = XCRemoteSwiftPackageReference;
			repositoryURL = "https://github.com/Alamofire/Alamofire";
			requirement = {
				kind = upToNextMajorVersion;
				minimumVersion = 5.0.0;
			};
		};
		F4587D342A12B8BC00F56BCD /* XCRemoteSwiftPackageReference "SnapKit" */ = {
			isa = XCRemoteSwiftPackageReference;
			repositoryURL = "https://github.com/SnapKit/SnapKit";
			requirement = {
				kind = upToNextMajorVersion;
				minimumVersion = 5.0.0;
			};
		};
/* End XCRemoteSwiftPackageReference section */

/* Begin XCSwiftPackageProductDependency section */
		F4587D2F2A12B89D00F56BCD /* Kingfisher */ = {
			isa = XCSwiftPackageProductDependency;
			package = F4587D2E2A12B89D00F56BCD /* XCRemoteSwiftPackageReference "Kingfisher" */;
			productName = Kingfisher;
		};
		F4587D322A12B8AD00F56BCD /* Alamofire */ = {
			isa = XCSwiftPackageProductDependency;
			package = F4587D312A12B8AD00F56BCD /* XCRemoteSwiftPackageReference "Alamofire" */;
			productName = Alamofire;
		};
		F4587D352A12B8BC00F56BCD /* SnapKit */ = {
			isa = XCSwiftPackageProductDependency;
			package = F4587D342A12B8BC00F56BCD /* XCRemoteSwiftPackageReference "SnapKit" */;
			productName = SnapKit;
		};
/* End XCSwiftPackageProductDependency section */
	};
	rootObject = F4587CEA2A0F609E00F56BCD /* Project object */;
}
